{
  "version": 4,
  "terraform_version": "0.13.6",
  "serial": 2358,
  "lineage": "eab238d4-63be-9af6-fe6e-d570b3411548",
  "outputs": {
    "pvtkey": {
      "value": "-----BEGIN RSA PRIVATE KEY-----\nMIIJJwIBAAKCAgEAnxllOrkS7FIu5sLkNVH6bD2vg8+mCEslS+M+ySg4694Rd9Y0\n5ss1ZfDLxDKKvF6SjJ8D46nFe+rL0+f2inMTC1B1H7rmamdjzHW6XIopHhTTLqv0\nSW5FnYJiSch2oRL/8y/cxNg/QktFOK3saS7YUorRfWdRddNJsZuwu5UEg+K8qEOP\nZQSS0EL2eZDt1O+9RRcU42V00xMiDSByv7LHEOJ5ZWoWPkjEZcrKXGgjjGsGTmgb\nJMkrHA58sMM8Ep1sdqaxgzhQAYuanwAqWt6w9untaT6cp9vbBJOeUW86hRKTbne7\nbYiIt/8IqC/fnoPFqEnUrGlohP0hWrYSkxD19PmtfUt3P2qDPz4A7ruCfszwvQJy\n8JkqrHqZPrCosueNlGesZh9nQmCcqQlZzP3wv7Ryuyss8VJBnJRNrIaRdfvfoaYJ\nRuHSNm6o5nS71d3So7iDzgV08UAZF19NZ9OZog30SLXpKFxAp333Xxq1PVw6YYQZ\ncSngn3qTrzbKxoWh1X0jszMdiPDnd5lwUEecO3sp2JU/GCIc4qrKxecPdc+Ws2vI\nrEdhgRXY/psXgRWKxKYY0UqDdpqT9PDddNaZwQMC+FJIdW/T6JWI7ZKKM0wMBS6z\nVSwiIUJ+BuXPO1Ja/LWt3dtiBb4VH+hhKuh3RXt2+gASA9pPqZNJXTEY9V0CAwEA\nAQKCAgAQDmoO8RqdyvV8yHJrhyh0wAz0ioJBGARdkkOF3Y9RDopIw892808iSJjn\n5gnmVM0JcArecQXDKcEEU8an1lE3tRj86MnUNzb1LXRvXmoj5QojDauLtZtE+CGf\nPKHsQ5SdIFlxbDmGIT6NJ9BSFS4ztlrKAyFPeNFZIVNGuxVHkhxkBt1z3nBKoFdr\nkVrPQJqjXF75TAXsP2QSWxH5krtQUurZd0ljY8ieVUby6Hed9jcetpb2sW6uWC/x\nTuLDJiwKFWyYx5gbb9Fc9pFPtmW5pYYWNwFsV13VKmix4z3OrD9AyMibl0nk99IR\n1zMENlw+TaUu+TxZH4q8Mt/RA8culzyGY2RJ3+JwdA7RkktqirFkflEu4PN0M2UP\nZszDwX2iwPG2C+NVJKZa2t40kjpPWWEy98gtS2egZPb1qDkMnMIW7+qrMJHetTHl\niP//9J+SuOwh3ud05Y7yZQ1GroKdbQtVcyb8jaVtA5K6x54A/p1p/Rt8q/JoOSeg\n0u+q9qT6C3k0iq8EY57jJzBz2ip9U6zjQkcBJp+WK7IqpgjoR+X1KoD5cdmNt5XS\n97xf0sDRqfkVwHHVm8v3g47yof37d5FcAOPkBkmlmLzBPHVq45eBhcdlzdYeOoSc\nJV4q995PXbn7JI4aF3UC1iwm9Gi4ggce5Pl/w0wWG4HFL1vuwQKCAQEAxL/860EC\nrgmcgsWzZ9B+8Kkse+vNzcx7QzWQDLIn4fF+QrR6Jl0SMWa8T+AUL+bHKudWGIP1\nCOqa3uBQCjwPfU2BFj0W2BDa0VGvDyiJK4+Kf2bnqeX2xV6P1s0Bdf4S9+lM1K+3\nTFvJc+qLKft7KdzQrgaRPQYGwHplnKhqGXSj2eNxFQxnu/6RFZwcVxhpA1dy+Aft\nM2VXAzdZ6pv/YaUY8QN3IxnuNaVp7QeGwQL2gBW4lM8Fs2yei+85QAhuuK9xibPi\nMhRMfigFYkRyb4BNjYM3KAP0PMlLVfccZRvfDTX0haw9HYBReh8MBcT4YvXq4MCK\nsa1mr3/9f/wQ1QKCAQEAzwLN3jYwMFkcF+vSZCVPb3EC36QedERen8TNiHm776X8\nWArFl5pJ4r9ZcL63oHyiPEQ9ekUVOqxmPlDZiXdaCeJqLgrFUSpHSqRKQCBOc+L6\njIeK0Sw1gVCOCSwb521skuDaV34KKFtb3yyNj0/CLDvyH1NKJ+CM+jOH5YOYBHKH\nKPhD0yZMiE9dB3GeH8zXQt0yyXwWC7e/PQtlecwp/jrLJ1C0h3uInQapIjSIfdfo\n+smXJBwX0QfHvj7jYUjimlZ8F0/gLm8HXm3CIe0Qoj1VbAxKtlKA6WsWrRf46pCo\n64g2LwiWypK0c7dbAzjOk4aFBDV/yQlRsO6U/BTWaQKB/zK5THtaR1aXI8KTNa2O\nEyv4cX+BS43DKgQpyvl69M1LdUG9RcCePhJ+ag4ttwaieLaW7ZtkacfitArByeDZ\nmySy1pTlKv6JWeCdLoS57qNMXmh6Hz+uCfDYcDzwnW/OERXZD/XFV3xYLZe04Cvy\nqc4hH6u+BbO12gfFhmzc/n2RlKyX9o92o0fUWZM4rBXINUqnQPyxDnYxqj0qCAR0\nM2L5LXT1b8Gc7czm2GhDiHo6SVK8RtoWhWG8nyN0iU343pK+qIbX2XkPwqjDqJ+t\nBdO5QEU7jvzCCDWjr8h57NgkV10Qi/nqbdctPdQ+LNtP7LmWrPdErH0iN1cHqFNW\nqQKCAQEAoshyuI1mAW7hH5JqZCPOvjRg7RnydL0ap4orkWkgtweQUm9OB7Pk6/BK\nVdUzMnkvXjLPISnX0saks9YB6g43eFRZ6JDBrtyPKQvd82U0K/7NxNoE+A1KmcCN\noHrWCntKiIlWSLytIiUNLoarXol6iCwvbiChzI/QbCM/duSvErg4vqfTNeQFBJ9b\n6TGYBSugDk1A1Z3E/DvmnwsqJce9MdRr0iOtgmhK+ie1slcbCdJRu3vwZQ3OUKpM\nkLaFOQgGYRUnCXHfOMRISCIJKYJwtROD664SxiJEisiSEVUrgNB2dJgs+3lGkk8g\npWoGoJb4IpwCV1f2f1Dbs0U5VKzSGQKCAQEAiNOo9is2iug+FfD/sMHF72mBwajJ\n2gPxCzSVu44ACqyExjQmwu9RXPeSOZfi+FDdhmMgXdHd/mBH2LrZaPv49drSsMEU\nU5EKIJJQAVajiodk3KwZ1dyd+g4rJqt0XkITSHelk5USO6rXk0logyk9qK+K8CsM\nwfh0Q3mR9fbMYw4TR02oAU+ha4aJspPIalvqva1jtPUH/oDsAi2M+pBpm8e4m/u/\nGf1mr+cQbn1aNzHPVgAOHd5TM2PzkiuWaiOFUsDxH6DxV+sQtyVEM6bKUzbYpcqP\nD8/9nibuwd2fRm4s97qNimNDwq6rS8OoInI2nCMyuvoFk58NXTe95IyYdQ==\n-----END RSA PRIVATE KEY-----\n",
      "type": "string"
    }
  },
  "resources": [
    {
      "module": "module.network_stack",
      "mode": "data",
      "type": "aws_ami",
      "name": "ubuntu",
      "provider": "provider[\"registry.terraform.io/hashicorp/aws\"]",
      "instances": [
        {
          "schema_version": 0,
          "attributes": {
            "architecture": "x86_64",
            "arn": "arn:aws:ec2:eu-central-1::image/ami-08c1695e3dcdd191e",
            "block_device_mappings": [
              {
                "device_name": "/dev/sda1",
                "ebs": {
                  "delete_on_termination": "true",
                  "encrypted": "false",
                  "iops": "0",
                  "snapshot_id": "snap-0facc483d8b68e55f",
                  "throughput": "0",
                  "volume_size": "8",
                  "volume_type": "gp2"
                },
                "no_device": "",
                "virtual_name": ""
              },
              {
                "device_name": "/dev/sdb",
                "ebs": {},
                "no_device": "",
                "virtual_name": "ephemeral0"
              },
              {
                "device_name": "/dev/sdc",
                "ebs": {},
                "no_device": "",
                "virtual_name": "ephemeral1"
              }
            ],
            "creation_date": "2021-03-17T19:30:04.000Z",
            "description": "Canonical, Ubuntu, 16.04 LTS, amd64 xenial image build on 2021-03-16",
            "ena_support": true,
            "executable_users": null,
            "filter": [
              {
                "name": "name",
                "values": [
                  "ubuntu/images/hvm-ssd/ubuntu-xenial-16.04-amd64-server-*"
                ]
              },
              {
                "name": "virtualization-type",
                "values": [
                  "hvm"
                ]
              }
            ],
            "hypervisor": "xen",
            "id": "ami-08c1695e3dcdd191e",
            "image_id": "ami-08c1695e3dcdd191e",
            "image_location": "099720109477/ubuntu/images/hvm-ssd/ubuntu-xenial-16.04-amd64-server-20210316",
            "image_owner_alias": null,
            "image_type": "machine",
            "kernel_id": null,
            "most_recent": true,
            "name": "ubuntu/images/hvm-ssd/ubuntu-xenial-16.04-amd64-server-20210316",
            "name_regex": null,
            "owner_id": "099720109477",
            "owners": [
              "099720109477"
            ],
            "platform": null,
            "platform_details": "Linux/UNIX",
            "product_codes": [],
            "public": true,
            "ramdisk_id": null,
            "root_device_name": "/dev/sda1",
            "root_device_type": "ebs",
            "root_snapshot_id": "snap-0facc483d8b68e55f",
            "sriov_net_support": "simple",
            "state": "available",
            "state_reason": {
              "code": "UNSET",
              "message": "UNSET"
            },
            "tags": {},
            "usage_operation": "RunInstances",
            "virtualization_type": "hvm"
          }
        }
      ]
    },
    {
      "module": "module.network_stack",
      "mode": "data",
      "type": "template_file",
      "name": "init",
      "provider": "provider[\"registry.terraform.io/hashicorp/template\"]",
      "instances": [
        {
          "schema_version": 0,
          "attributes": {
            "filename": null,
            "id": "bb6797be8ec7221de6df30dd1700675e468060643011332e59e333a1161270d7",
            "rendered": "#!/bin/bash\r\nsudo apt-get update\r\nsudo apt install -y software-properties-common\r\nsudo apt-add-repository --yes --update ppa:ansible/ansible\r\nsudo apt install -y ansible\r\nsudo sh -c \"echo '[primary]' \u003e /etc/ansible/hosts\"\r\nsudo sh -c \"echo '10.0.48.5' \u003e\u003e /etc/ansible/hosts\"\r\nsudo sh -c \"echo '[secondary]' \u003e\u003e /etc/ansible/hosts\"\r\nsudo sh -c \"echo '10.0.56.5' \u003e\u003e /etc/ansible/hosts\"\r\nsudo sh -c \"echo '[arbiter]' \u003e\u003e /etc/ansible/hosts\"\r\nsudo sh -c \"echo '10.0.64.5' \u003e\u003e /etc/ansible/hosts\"\r\nsudo sh -c \"echo '[primary:vars]' \u003e\u003e /etc/ansible/hosts\"\r\nsudo sh -c \"echo 'db_user_admin_password=ADMINPASSWORD' \u003e\u003e /etc/ansible/hosts\"\r\nsudo sh -c \"echo 'db_root_admin_password=ROOTPASSWORD' \u003e\u003e /etc/ansible/hosts\"\r\nsudo sh -c \"echo 'db_name=DBNAME' \u003e\u003e /etc/ansible/hosts\"\r\nsudo sh -c \"echo 'db_user_name=DBUSERNAME' \u003e\u003e /etc/ansible/hosts\"\r\nsudo sh -c \"echo 'db_user_password=DBUSERPASS' \u003e\u003e /etc/ansible/hosts\"",
            "template": "#!/bin/bash\r\nsudo apt-get update\r\nsudo apt install -y software-properties-common\r\nsudo apt-add-repository --yes --update ppa:ansible/ansible\r\nsudo apt install -y ansible\r\nsudo sh -c \"echo '[primary]' \u003e /etc/ansible/hosts\"\r\nsudo sh -c \"echo '10.0.48.5' \u003e\u003e /etc/ansible/hosts\"\r\nsudo sh -c \"echo '[secondary]' \u003e\u003e /etc/ansible/hosts\"\r\nsudo sh -c \"echo '10.0.56.5' \u003e\u003e /etc/ansible/hosts\"\r\nsudo sh -c \"echo '[arbiter]' \u003e\u003e /etc/ansible/hosts\"\r\nsudo sh -c \"echo '10.0.64.5' \u003e\u003e /etc/ansible/hosts\"\r\nsudo sh -c \"echo '[primary:vars]' \u003e\u003e /etc/ansible/hosts\"\r\nsudo sh -c \"echo 'db_user_admin_password=ADMINPASSWORD' \u003e\u003e /etc/ansible/hosts\"\r\nsudo sh -c \"echo 'db_root_admin_password=ROOTPASSWORD' \u003e\u003e /etc/ansible/hosts\"\r\nsudo sh -c \"echo 'db_name=DBNAME' \u003e\u003e /etc/ansible/hosts\"\r\nsudo sh -c \"echo 'db_user_name=DBUSERNAME' \u003e\u003e /etc/ansible/hosts\"\r\nsudo sh -c \"echo 'db_user_password=DBUSERPASS' \u003e\u003e /etc/ansible/hosts\"",
            "vars": null
          }
        }
      ]
    },
    {
      "module": "module.network_stack",
      "mode": "managed",
      "type": "aws_autoscaling_group",
      "name": "nginx",
      "provider": "provider[\"registry.terraform.io/hashicorp/aws\"]",
      "instances": [
        {
          "schema_version": 0,
          "attributes": {
            "arn": "arn:aws:autoscaling:eu-central-1:694108144550:autoScalingGroup:811d0d9c-0480-4de0-9a6a-bc77e7519725:autoScalingGroupName/nginx20210329055847889000000004",
            "availability_zones": [
              "eu-central-1a",
              "eu-central-1b",
              "eu-central-1c"
            ],
            "capacity_rebalance": false,
            "default_cooldown": 300,
            "desired_capacity": 2,
            "enabled_metrics": [],
            "force_delete": false,
            "health_check_grace_period": 300,
            "health_check_type": "EC2",
            "id": "nginx20210329055847889000000004",
            "initial_lifecycle_hook": [],
            "instance_refresh": [],
            "launch_configuration": "ec2-nginx20210329055846614400000003",
            "launch_template": [],
            "load_balancers": [],
            "max_instance_lifetime": 0,
            "max_size": 2,
            "metrics_granularity": "1Minute",
            "min_elb_capacity": null,
            "min_size": 2,
            "mixed_instances_policy": [],
            "name": "nginx20210329055847889000000004",
            "name_prefix": "nginx",
            "placement_group": "",
            "protect_from_scale_in": false,
            "service_linked_role_arn": "arn:aws:iam::694108144550:role/aws-service-role/autoscaling.amazonaws.com/AWSServiceRoleForAutoScaling",
            "suspended_processes": [],
            "tag": [],
            "tags": [
              {
                "key": "Name",
                "propagate_at_launch": "true",
                "value": "nginx"
              }
            ],
            "target_group_arns": [
              "arn:aws:elasticloadbalancing:eu-central-1:694108144550:targetgroup/alb-target-for-nginx/fd05e7665ca99aa0"
            ],
            "termination_policies": [],
            "timeouts": null,
            "vpc_zone_identifier": [
              "subnet-0221992316f02af88",
              "subnet-082844708d69fef40",
              "subnet-0b4dd5fdc8fb86d1c"
            ],
            "wait_for_capacity_timeout": "10m",
            "wait_for_elb_capacity": null
          },
          "private": "eyJlMmJmYjczMC1lY2FhLTExZTYtOGY4OC0zNDM2M2JjN2M0YzAiOnsiZGVsZXRlIjo2MDAwMDAwMDAwMDB9fQ==",
          "dependencies": [
            "module.network_stack.aws_iam_instance_profile.resources_iam_profile",
            "module.network_stack.aws_iam_role.resources_iam_role",
            "module.network_stack.aws_key_pair.generated_key",
            "module.network_stack.aws_launch_configuration.nginx",
            "module.network_stack.aws_lb_target_group.alb_target",
            "module.network_stack.aws_security_group.nginx",
            "module.network_stack.aws_subnet.nginx",
            "module.network_stack.aws_vpc.homelikevpc",
            "module.network_stack.data.aws_ami.ubuntu",
            "module.network_stack.tls_private_key.key"
          ]
        }
      ]
    },
    {
      "module": "module.network_stack",
      "mode": "managed",
      "type": "aws_eip",
      "name": "nat",
      "provider": "provider[\"registry.terraform.io/hashicorp/aws\"]",
      "instances": [
        {
          "schema_version": 0,
          "attributes": {
            "allocation_id": null,
            "associate_with_private_ip": null,
            "association_id": "eipassoc-034e11bab17c86d2c",
            "carrier_ip": "",
            "customer_owned_ip": "",
            "customer_owned_ipv4_pool": "",
            "domain": "vpc",
            "id": "eipalloc-9a82e3bc",
            "instance": "",
            "network_border_group": "eu-central-1",
            "network_interface": "eni-0b6954f3400b5ec45",
            "private_dns": "ip-10-0-77-28.eu-central-1.compute.internal",
            "private_ip": "10.0.77.28",
            "public_dns": "ec2-3-66-69-109.eu-central-1.compute.amazonaws.com",
            "public_ip": "3.66.69.109",
            "public_ipv4_pool": "amazon",
            "tags": {},
            "timeouts": null,
            "vpc": true
          },
          "private": "eyJlMmJmYjczMC1lY2FhLTExZTYtOGY4OC0zNDM2M2JjN2M0YzAiOnsiZGVsZXRlIjoxODAwMDAwMDAwMDAsInJlYWQiOjkwMDAwMDAwMDAwMCwidXBkYXRlIjozMDAwMDAwMDAwMDB9fQ=="
        }
      ]
    },
    {
      "module": "module.network_stack",
      "mode": "managed",
      "type": "aws_iam_instance_profile",
      "name": "resources_iam_profile",
      "provider": "provider[\"registry.terraform.io/hashicorp/aws\"]",
      "instances": [
        {
          "schema_version": 0,
          "attributes": {
            "arn": "arn:aws:iam::694108144550:instance-profile/ec2_profile",
            "create_date": "2021-03-29T05:58:23Z",
            "id": "ec2_profile",
            "name": "ec2_profile",
            "name_prefix": null,
            "path": "/",
            "role": "ssm-role",
            "tags": {},
            "unique_id": "AIPA2DHARYOTIOZIVXGUO"
          },
          "private": "bnVsbA==",
          "dependencies": [
            "module.network_stack.aws_iam_role.resources_iam_role"
          ]
        }
      ]
    },
    {
      "module": "module.network_stack",
      "mode": "managed",
      "type": "aws_iam_role",
      "name": "resources_iam_role",
      "provider": "provider[\"registry.terraform.io/hashicorp/aws\"]",
      "instances": [
        {
          "schema_version": 0,
          "attributes": {
            "arn": "arn:aws:iam::694108144550:role/ssm-role",
            "assume_role_policy": "{\"Version\":\"2012-10-17\",\"Statement\":[{\"Effect\":\"Allow\",\"Principal\":{\"Service\":\"ec2.amazonaws.com\"},\"Action\":\"sts:AssumeRole\"}]}",
            "create_date": "2021-03-29T05:58:20Z",
            "description": "The role for the developer resources EC2",
            "force_detach_policies": false,
            "id": "ssm-role",
            "inline_policy": [
              {
                "name": "",
                "policy": ""
              }
            ],
            "managed_policy_arns": [
              "arn:aws:iam::aws:policy/AmazonS3ReadOnlyAccess",
              "arn:aws:iam::aws:policy/AmazonSSMManagedInstanceCore"
            ],
            "max_session_duration": 3600,
            "name": "ssm-role",
            "name_prefix": null,
            "path": "/",
            "permissions_boundary": null,
            "tags": {},
            "unique_id": "AROA2DHARYOTMGK5ALRFE"
          },
          "private": "bnVsbA=="
        }
      ]
    },
    {
      "module": "module.network_stack",
      "mode": "managed",
      "type": "aws_iam_role_policy_attachment",
      "name": "resources_s3read_policy",
      "provider": "provider[\"registry.terraform.io/hashicorp/aws\"]",
      "instances": [
        {
          "schema_version": 0,
          "attributes": {
            "id": "ssm-role-20210329055823816100000002",
            "policy_arn": "arn:aws:iam::aws:policy/AmazonS3ReadOnlyAccess",
            "role": "ssm-role"
          },
          "private": "bnVsbA==",
          "dependencies": [
            "module.network_stack.aws_iam_role.resources_iam_role"
          ]
        }
      ]
    },
    {
      "module": "module.network_stack",
      "mode": "managed",
      "type": "aws_iam_role_policy_attachment",
      "name": "resources_ssm_policy",
      "provider": "provider[\"registry.terraform.io/hashicorp/aws\"]",
      "instances": [
        {
          "schema_version": 0,
          "attributes": {
            "id": "ssm-role-20210329055823794900000001",
            "policy_arn": "arn:aws:iam::aws:policy/AmazonSSMManagedInstanceCore",
            "role": "ssm-role"
          },
          "private": "bnVsbA==",
          "dependencies": [
            "module.network_stack.aws_iam_role.resources_iam_role"
          ]
        }
      ]
    },
    {
      "module": "module.network_stack",
      "mode": "managed",
      "type": "aws_instance",
      "name": "ansible",
      "provider": "provider[\"registry.terraform.io/hashicorp/aws\"]",
      "instances": [
        {
          "schema_version": 1,
          "attributes": {
            "ami": "ami-08c1695e3dcdd191e",
            "arn": "arn:aws:ec2:eu-central-1:694108144550:instance/i-0ce2c34b0248a8c3a",
            "associate_public_ip_address": true,
            "availability_zone": "eu-central-1a",
            "cpu_core_count": 1,
            "cpu_threads_per_core": 1,
            "credit_specification": [
              {
                "cpu_credits": "standard"
              }
            ],
            "disable_api_termination": false,
            "ebs_block_device": [],
            "ebs_optimized": false,
            "enclave_options": [
              {
                "enabled": false
              }
            ],
            "ephemeral_block_device": [],
            "get_password_data": false,
            "hibernation": false,
            "host_id": null,
            "iam_instance_profile": "",
            "id": "i-0ce2c34b0248a8c3a",
            "instance_initiated_shutdown_behavior": null,
            "instance_state": "running",
            "instance_type": "t2.micro",
            "ipv6_address_count": 0,
            "ipv6_addresses": [],
            "key_name": "masterkey-homelike",
            "metadata_options": [
              {
                "http_endpoint": "enabled",
                "http_put_response_hop_limit": 1,
                "http_tokens": "optional"
              }
            ],
            "monitoring": false,
            "network_interface": [],
            "outpost_arn": "",
            "password_data": "",
            "placement_group": "",
            "primary_network_interface_id": "eni-0931756d6c5d644e0",
            "private_dns": "ip-10-0-76-34.eu-central-1.compute.internal",
            "private_ip": "10.0.76.34",
            "public_dns": "ec2-3-122-94-23.eu-central-1.compute.amazonaws.com",
            "public_ip": "3.122.94.23",
            "root_block_device": [
              {
                "delete_on_termination": true,
                "device_name": "/dev/sda1",
                "encrypted": false,
                "iops": 100,
                "kms_key_id": "",
                "tags": {},
                "throughput": 0,
                "volume_id": "vol-0fd8afec7255296a6",
                "volume_size": 8,
                "volume_type": "gp2"
              }
            ],
            "secondary_private_ips": [],
            "security_groups": [],
            "source_dest_check": true,
            "subnet_id": "subnet-09ab02c9db5314a0a",
            "tags": {
              "Env": "Prod",
              "Name": "ec2-ansible-server",
              "Owner": "HomeLike"
            },
            "tenancy": "default",
            "timeouts": null,
            "user_data": null,
            "user_data_base64": null,
            "volume_tags": null,
            "vpc_security_group_ids": [
              "sg-09ac6731c11d2729f"
            ]
          },
          "private": "eyJlMmJmYjczMC1lY2FhLTExZTYtOGY4OC0zNDM2M2JjN2M0YzAiOnsiY3JlYXRlIjo2MDAwMDAwMDAwMDAsImRlbGV0ZSI6MTIwMDAwMDAwMDAwMCwidXBkYXRlIjo2MDAwMDAwMDAwMDB9LCJzY2hlbWFfdmVyc2lvbiI6IjEifQ==",
          "dependencies": [
            "module.network_stack.aws_key_pair.generated_key",
            "module.network_stack.aws_security_group.alb_nginx",
            "module.network_stack.aws_subnet.alb",
            "module.network_stack.aws_vpc.homelikevpc",
            "module.network_stack.data.aws_ami.ubuntu",
            "module.network_stack.tls_private_key.key"
          ]
        }
      ]
    },
    {
      "module": "module.network_stack",
      "mode": "managed",
      "type": "aws_instance",
      "name": "db1",
      "provider": "provider[\"registry.terraform.io/hashicorp/aws\"]",
      "instances": [
        {
          "schema_version": 1,
          "attributes": {
            "ami": "ami-08c1695e3dcdd191e",
            "arn": "arn:aws:ec2:eu-central-1:694108144550:instance/i-073a392562a7a95c1",
            "associate_public_ip_address": false,
            "availability_zone": "eu-central-1a",
            "cpu_core_count": 1,
            "cpu_threads_per_core": 1,
            "credit_specification": [
              {
                "cpu_credits": "standard"
              }
            ],
            "disable_api_termination": false,
            "ebs_block_device": [],
            "ebs_optimized": false,
            "enclave_options": [
              {
                "enabled": false
              }
            ],
            "ephemeral_block_device": [],
            "get_password_data": false,
            "hibernation": false,
            "host_id": null,
            "iam_instance_profile": "ec2_profile",
            "id": "i-073a392562a7a95c1",
            "instance_initiated_shutdown_behavior": null,
            "instance_state": "running",
            "instance_type": "t2.micro",
            "ipv6_address_count": 0,
            "ipv6_addresses": [],
            "key_name": "masterkey-homelike",
            "metadata_options": [
              {
                "http_endpoint": "enabled",
                "http_put_response_hop_limit": 1,
                "http_tokens": "optional"
              }
            ],
            "monitoring": false,
            "network_interface": [
              {
                "delete_on_termination": false,
                "device_index": 0,
                "network_interface_id": "eni-006e0453d2b46a9f8"
              }
            ],
            "outpost_arn": "",
            "password_data": "",
            "placement_group": "",
            "primary_network_interface_id": "eni-006e0453d2b46a9f8",
            "private_dns": "ip-10-0-48-5.eu-central-1.compute.internal",
            "private_ip": "10.0.48.5",
            "public_dns": "",
            "public_ip": "",
            "root_block_device": [
              {
                "delete_on_termination": true,
                "device_name": "/dev/sda1",
                "encrypted": false,
                "iops": 100,
                "kms_key_id": "",
                "tags": {},
                "throughput": 0,
                "volume_id": "vol-03b149a8a9c39a33e",
                "volume_size": 8,
                "volume_type": "gp2"
              }
            ],
            "secondary_private_ips": [],
            "security_groups": [],
            "source_dest_check": true,
            "subnet_id": "subnet-0b8c048fe13fbc4cc",
            "tags": {
              "Env": "Prod",
              "Name": "ec2-db1-leader",
              "Owner": "HomeLike",
              "Type": "DB"
            },
            "tenancy": "default",
            "timeouts": null,
            "user_data": "0076d6999f4dd78d2cb058d31da54297c5f4e1df",
            "user_data_base64": null,
            "volume_tags": null,
            "vpc_security_group_ids": [
              "sg-08ea6cc6a39aa8031"
            ]
          },
          "private": "eyJlMmJmYjczMC1lY2FhLTExZTYtOGY4OC0zNDM2M2JjN2M0YzAiOnsiY3JlYXRlIjo2MDAwMDAwMDAwMDAsImRlbGV0ZSI6MTIwMDAwMDAwMDAwMCwidXBkYXRlIjo2MDAwMDAwMDAwMDB9LCJzY2hlbWFfdmVyc2lvbiI6IjEifQ==",
          "dependencies": [
            "module.network_stack.aws_iam_instance_profile.resources_iam_profile",
            "module.network_stack.aws_iam_role.resources_iam_role",
            "module.network_stack.aws_key_pair.generated_key",
            "module.network_stack.aws_network_interface.db1nwinterface",
            "module.network_stack.aws_security_group.db",
            "module.network_stack.aws_subnet.db",
            "module.network_stack.aws_vpc.homelikevpc",
            "module.network_stack.data.aws_ami.ubuntu",
            "module.network_stack.tls_private_key.key"
          ]
        }
      ]
    },
    {
      "module": "module.network_stack",
      "mode": "managed",
      "type": "aws_instance",
      "name": "db2",
      "provider": "provider[\"registry.terraform.io/hashicorp/aws\"]",
      "instances": [
        {
          "schema_version": 1,
          "attributes": {
            "ami": "ami-08c1695e3dcdd191e",
            "arn": "arn:aws:ec2:eu-central-1:694108144550:instance/i-05278abc261bc2848",
            "associate_public_ip_address": false,
            "availability_zone": "eu-central-1b",
            "cpu_core_count": 1,
            "cpu_threads_per_core": 1,
            "credit_specification": [
              {
                "cpu_credits": "standard"
              }
            ],
            "disable_api_termination": false,
            "ebs_block_device": [],
            "ebs_optimized": false,
            "enclave_options": [
              {
                "enabled": false
              }
            ],
            "ephemeral_block_device": [],
            "get_password_data": false,
            "hibernation": false,
            "host_id": null,
            "iam_instance_profile": "ec2_profile",
            "id": "i-05278abc261bc2848",
            "instance_initiated_shutdown_behavior": null,
            "instance_state": "running",
            "instance_type": "t2.micro",
            "ipv6_address_count": 0,
            "ipv6_addresses": [],
            "key_name": "masterkey-homelike",
            "metadata_options": [
              {
                "http_endpoint": "enabled",
                "http_put_response_hop_limit": 1,
                "http_tokens": "optional"
              }
            ],
            "monitoring": false,
            "network_interface": [
              {
                "delete_on_termination": false,
                "device_index": 0,
                "network_interface_id": "eni-0372650ed1a96dfbb"
              }
            ],
            "outpost_arn": "",
            "password_data": "",
            "placement_group": "",
            "primary_network_interface_id": "eni-0372650ed1a96dfbb",
            "private_dns": "ip-10-0-56-5.eu-central-1.compute.internal",
            "private_ip": "10.0.56.5",
            "public_dns": "",
            "public_ip": "",
            "root_block_device": [
              {
                "delete_on_termination": true,
                "device_name": "/dev/sda1",
                "encrypted": false,
                "iops": 100,
                "kms_key_id": "",
                "tags": {},
                "throughput": 0,
                "volume_id": "vol-0ce72acb48b95e569",
                "volume_size": 8,
                "volume_type": "gp2"
              }
            ],
            "secondary_private_ips": [],
            "security_groups": [],
            "source_dest_check": true,
            "subnet_id": "subnet-01ad4426ffe81d8e7",
            "tags": {
              "Env": "Prod",
              "Name": "ec2-db2-secondary",
              "Owner": "HomeLike",
              "Type": "DB"
            },
            "tenancy": "default",
            "timeouts": null,
            "user_data": "0076d6999f4dd78d2cb058d31da54297c5f4e1df",
            "user_data_base64": null,
            "volume_tags": null,
            "vpc_security_group_ids": [
              "sg-08ea6cc6a39aa8031"
            ]
          },
          "private": "eyJlMmJmYjczMC1lY2FhLTExZTYtOGY4OC0zNDM2M2JjN2M0YzAiOnsiY3JlYXRlIjo2MDAwMDAwMDAwMDAsImRlbGV0ZSI6MTIwMDAwMDAwMDAwMCwidXBkYXRlIjo2MDAwMDAwMDAwMDB9LCJzY2hlbWFfdmVyc2lvbiI6IjEifQ==",
          "dependencies": [
            "module.network_stack.aws_iam_instance_profile.resources_iam_profile",
            "module.network_stack.aws_iam_role.resources_iam_role",
            "module.network_stack.aws_key_pair.generated_key",
            "module.network_stack.aws_network_interface.db2nwinterface",
            "module.network_stack.aws_security_group.db",
            "module.network_stack.aws_subnet.db",
            "module.network_stack.aws_vpc.homelikevpc",
            "module.network_stack.data.aws_ami.ubuntu",
            "module.network_stack.tls_private_key.key"
          ]
        }
      ]
    },
    {
      "module": "module.network_stack",
      "mode": "managed",
      "type": "aws_instance",
      "name": "db3",
      "provider": "provider[\"registry.terraform.io/hashicorp/aws\"]",
      "instances": [
        {
          "schema_version": 1,
          "attributes": {
            "ami": "ami-08c1695e3dcdd191e",
            "arn": "arn:aws:ec2:eu-central-1:694108144550:instance/i-079ba27ebe396a03c",
            "associate_public_ip_address": false,
            "availability_zone": "eu-central-1c",
            "cpu_core_count": 1,
            "cpu_threads_per_core": 1,
            "credit_specification": [
              {
                "cpu_credits": "standard"
              }
            ],
            "disable_api_termination": false,
            "ebs_block_device": [],
            "ebs_optimized": false,
            "enclave_options": [
              {
                "enabled": false
              }
            ],
            "ephemeral_block_device": [],
            "get_password_data": false,
            "hibernation": false,
            "host_id": null,
            "iam_instance_profile": "ec2_profile",
            "id": "i-079ba27ebe396a03c",
            "instance_initiated_shutdown_behavior": null,
            "instance_state": "running",
            "instance_type": "t2.micro",
            "ipv6_address_count": 0,
            "ipv6_addresses": [],
            "key_name": "masterkey-homelike",
            "metadata_options": [
              {
                "http_endpoint": "enabled",
                "http_put_response_hop_limit": 1,
                "http_tokens": "optional"
              }
            ],
            "monitoring": false,
            "network_interface": [
              {
                "delete_on_termination": false,
                "device_index": 0,
                "network_interface_id": "eni-02de2055a17d6385c"
              }
            ],
            "outpost_arn": "",
            "password_data": "",
            "placement_group": "",
            "primary_network_interface_id": "eni-02de2055a17d6385c",
            "private_dns": "ip-10-0-64-5.eu-central-1.compute.internal",
            "private_ip": "10.0.64.5",
            "public_dns": "",
            "public_ip": "",
            "root_block_device": [
              {
                "delete_on_termination": true,
                "device_name": "/dev/sda1",
                "encrypted": false,
                "iops": 100,
                "kms_key_id": "",
                "tags": {},
                "throughput": 0,
                "volume_id": "vol-07a40098af39e97b8",
                "volume_size": 8,
                "volume_type": "gp2"
              }
            ],
            "secondary_private_ips": [],
            "security_groups": [],
            "source_dest_check": true,
            "subnet_id": "subnet-0074b466e252ecaa9",
            "tags": {
              "Env": "Prod",
              "Name": "ec2-db3-arbiter",
              "Owner": "HomeLike",
              "Type": "DB"
            },
            "tenancy": "default",
            "timeouts": null,
            "user_data": "0076d6999f4dd78d2cb058d31da54297c5f4e1df",
            "user_data_base64": null,
            "volume_tags": null,
            "vpc_security_group_ids": [
              "sg-08ea6cc6a39aa8031"
            ]
          },
          "private": "eyJlMmJmYjczMC1lY2FhLTExZTYtOGY4OC0zNDM2M2JjN2M0YzAiOnsiY3JlYXRlIjo2MDAwMDAwMDAwMDAsImRlbGV0ZSI6MTIwMDAwMDAwMDAwMCwidXBkYXRlIjo2MDAwMDAwMDAwMDB9LCJzY2hlbWFfdmVyc2lvbiI6IjEifQ==",
          "dependencies": [
            "module.network_stack.aws_iam_instance_profile.resources_iam_profile",
            "module.network_stack.aws_iam_role.resources_iam_role",
            "module.network_stack.aws_key_pair.generated_key",
            "module.network_stack.aws_network_interface.db3nwinterface",
            "module.network_stack.aws_security_group.db",
            "module.network_stack.aws_subnet.db",
            "module.network_stack.aws_vpc.homelikevpc",
            "module.network_stack.data.aws_ami.ubuntu",
            "module.network_stack.tls_private_key.key"
          ]
        }
      ]
    },
    {
      "module": "module.network_stack",
      "mode": "managed",
      "type": "aws_internet_gateway",
      "name": "igw",
      "provider": "provider[\"registry.terraform.io/hashicorp/aws\"]",
      "instances": [
        {
          "schema_version": 0,
          "attributes": {
            "arn": "arn:aws:ec2:eu-central-1:694108144550:internet-gateway/igw-06507976106a7b2cb",
            "id": "igw-06507976106a7b2cb",
            "owner_id": "694108144550",
            "tags": {
              "Env": "Prod",
              "Name": "igw-homelike",
              "Owner": "HomeLike"
            },
            "vpc_id": "vpc-041f7d4470758a1aa"
          },
          "private": "bnVsbA==",
          "dependencies": [
            "module.network_stack.aws_vpc.homelikevpc"
          ]
        }
      ]
    },
    {
      "module": "module.network_stack",
      "mode": "managed",
      "type": "aws_key_pair",
      "name": "generated_key",
      "provider": "provider[\"registry.terraform.io/hashicorp/aws\"]",
      "instances": [
        {
          "schema_version": 1,
          "attributes": {
            "arn": "arn:aws:ec2:eu-central-1:694108144550:key-pair/masterkey-homelike",
            "fingerprint": "a2:b8:04:a8:fa:06:62:d8:8d:e6:37:ab:06:8a:49:ee",
            "id": "masterkey-homelike",
            "key_name": "masterkey-homelike",
            "key_name_prefix": null,
            "key_pair_id": "key-08cab0d348f5845f1",
            "public_key": "ssh-rsa AAAAB3NzaC1yc2EAAAADAQABAAACAQCfGWU6uRLsUi7mwuQ1UfpsPa+Dz6YISyVL4z7JKDjr3hF31jTmyzVl8MvEMoq8XpKMnwPjqcV76svT5/aKcxMLUHUfuuZqZ2PMdbpciikeFNMuq/RJbkWdgmJJyHahEv/zL9zE2D9CS0U4rexpLthSitF9Z1F100mxm7C7lQSD4ryoQ49lBJLQQvZ5kO3U771FFxTjZXTTEyINIHK/sscQ4nllahY+SMRlyspcaCOMawZOaBskySscDnywwzwSnWx2prGDOFABi5qfACpa3rD26e1pPpyn29sEk55RbzqFEpNud7ttiIi3/wioL9+eg8WoSdSsaWiE/SFathKTEPX0+a19S3c/aoM/PgDuu4J+zPC9AnLwmSqsepk+sKiy542UZ6xmH2dCYJypCVnM/fC/tHK7KyzxUkGclE2shpF1+9+hpglG4dI2bqjmdLvV3dKjuIPOBXTxQBkXX01n05miDfRItekoXECnffdfGrU9XDphhBlxKeCfepOvNsrGhaHVfSOzMx2I8Od3mXBQR5w7eynYlT8YIhziqsrF5w91z5aza8isR2GBFdj+mxeBFYrEphjRSoN2mpP08N101pnBAwL4Ukh1b9PolYjtkoozTAwFLrNVLCIhQn4G5c87Ulr8ta3d22IFvhUf6GEq6HdFe3b6ABID2k+pk0ldMRj1XQ==",
            "tags": {
              "Env": "Prod",
              "Owner": "HomeLike"
            }
          },
          "private": "eyJzY2hlbWFfdmVyc2lvbiI6IjEifQ==",
          "dependencies": [
            "module.network_stack.tls_private_key.key"
          ]
        }
      ]
    },
    {
      "module": "module.network_stack",
      "mode": "managed",
      "type": "aws_launch_configuration",
      "name": "nginx",
      "provider": "provider[\"registry.terraform.io/hashicorp/aws\"]",
      "instances": [
        {
          "schema_version": 0,
          "attributes": {
            "arn": "arn:aws:autoscaling:eu-central-1:694108144550:launchConfiguration:6ccf8bc0-094e-41ad-bcc5-f6b720cfea70:launchConfigurationName/ec2-nginx20210329055846614400000003",
            "associate_public_ip_address": false,
            "ebs_block_device": [],
            "ebs_optimized": false,
            "enable_monitoring": true,
            "ephemeral_block_device": [],
            "iam_instance_profile": "ec2_profile",
            "id": "ec2-nginx20210329055846614400000003",
            "image_id": "ami-08c1695e3dcdd191e",
            "instance_type": "t2.micro",
            "key_name": "masterkey-homelike",
            "metadata_options": [],
            "name": "ec2-nginx20210329055846614400000003",
            "name_prefix": "ec2-nginx",
            "placement_tenancy": null,
            "root_block_device": [],
            "security_groups": [
              "sg-0be326016e248586d"
            ],
            "spot_price": "",
            "user_data": "d91de888735fb51e0a4241ecd916b2ecb2439b7f",
            "user_data_base64": null,
            "vpc_classic_link_id": "",
            "vpc_classic_link_security_groups": []
          },
          "private": "bnVsbA==",
          "dependencies": [
            "module.network_stack.aws_iam_instance_profile.resources_iam_profile",
            "module.network_stack.aws_iam_role.resources_iam_role",
            "module.network_stack.aws_key_pair.generated_key",
            "module.network_stack.aws_security_group.nginx",
            "module.network_stack.aws_vpc.homelikevpc",
            "module.network_stack.data.aws_ami.ubuntu",
            "module.network_stack.tls_private_key.key"
          ]
        }
      ]
    },
    {
      "module": "module.network_stack",
      "mode": "managed",
      "type": "aws_lb",
      "name": "alb_nginx",
      "provider": "provider[\"registry.terraform.io/hashicorp/aws\"]",
      "instances": [
        {
          "schema_version": 0,
          "attributes": {
            "access_logs": [
              {
                "bucket": "",
                "enabled": false,
                "prefix": ""
              }
            ],
            "arn": "arn:aws:elasticloadbalancing:eu-central-1:694108144550:loadbalancer/app/alb-for-nginx/68593844f0f77f27",
            "arn_suffix": "app/alb-for-nginx/68593844f0f77f27",
            "customer_owned_ipv4_pool": "",
            "dns_name": "alb-for-nginx-303406234.eu-central-1.elb.amazonaws.com",
            "drop_invalid_header_fields": false,
            "enable_cross_zone_load_balancing": null,
            "enable_deletion_protection": false,
            "enable_http2": true,
            "id": "arn:aws:elasticloadbalancing:eu-central-1:694108144550:loadbalancer/app/alb-for-nginx/68593844f0f77f27",
            "idle_timeout": 60,
            "internal": false,
            "ip_address_type": "ipv4",
            "load_balancer_type": "application",
            "name": "alb-for-nginx",
            "name_prefix": null,
            "security_groups": [
              "sg-09ac6731c11d2729f"
            ],
            "subnet_mapping": [
              {
                "allocation_id": "",
                "ipv6_address": "",
                "outpost_id": "",
                "private_ipv4_address": "",
                "subnet_id": "subnet-021a8d4938a7741e9"
              },
              {
                "allocation_id": "",
                "ipv6_address": "",
                "outpost_id": "",
                "private_ipv4_address": "",
                "subnet_id": "subnet-09ab02c9db5314a0a"
              },
              {
                "allocation_id": "",
                "ipv6_address": "",
                "outpost_id": "",
                "private_ipv4_address": "",
                "subnet_id": "subnet-0ab3af37ee98fc4dc"
              }
            ],
            "subnets": [
              "subnet-021a8d4938a7741e9",
              "subnet-09ab02c9db5314a0a",
              "subnet-0ab3af37ee98fc4dc"
            ],
            "tags": {},
            "timeouts": null,
            "vpc_id": "vpc-041f7d4470758a1aa",
            "zone_id": "Z215JYRZR1TBD5"
          },
          "private": "eyJlMmJmYjczMC1lY2FhLTExZTYtOGY4OC0zNDM2M2JjN2M0YzAiOnsiY3JlYXRlIjo2MDAwMDAwMDAwMDAsImRlbGV0ZSI6NjAwMDAwMDAwMDAwLCJ1cGRhdGUiOjYwMDAwMDAwMDAwMH19",
          "dependencies": [
            "module.network_stack.aws_security_group.alb_nginx",
            "module.network_stack.aws_subnet.alb",
            "module.network_stack.aws_vpc.homelikevpc"
          ]
        }
      ]
    },
    {
      "module": "module.network_stack",
      "mode": "managed",
      "type": "aws_lb_listener",
      "name": "listener",
      "provider": "provider[\"registry.terraform.io/hashicorp/aws\"]",
      "instances": [
        {
          "schema_version": 0,
          "attributes": {
            "arn": "arn:aws:elasticloadbalancing:eu-central-1:694108144550:listener/app/alb-for-nginx/68593844f0f77f27/c99f2f36650d9049",
            "certificate_arn": null,
            "default_action": [
              {
                "authenticate_cognito": [],
                "authenticate_oidc": [],
                "fixed_response": [],
                "forward": [],
                "order": 1,
                "redirect": [],
                "target_group_arn": "arn:aws:elasticloadbalancing:eu-central-1:694108144550:targetgroup/alb-target-for-nginx/fd05e7665ca99aa0",
                "type": "forward"
              }
            ],
            "id": "arn:aws:elasticloadbalancing:eu-central-1:694108144550:listener/app/alb-for-nginx/68593844f0f77f27/c99f2f36650d9049",
            "load_balancer_arn": "arn:aws:elasticloadbalancing:eu-central-1:694108144550:loadbalancer/app/alb-for-nginx/68593844f0f77f27",
            "port": 80,
            "protocol": "HTTP",
            "ssl_policy": "",
            "timeouts": null
          },
          "private": "eyJlMmJmYjczMC1lY2FhLTExZTYtOGY4OC0zNDM2M2JjN2M0YzAiOnsicmVhZCI6NjAwMDAwMDAwMDAwfX0=",
          "dependencies": [
            "module.network_stack.aws_lb.alb_nginx",
            "module.network_stack.aws_lb_target_group.alb_target",
            "module.network_stack.aws_security_group.alb_nginx",
            "module.network_stack.aws_subnet.alb",
            "module.network_stack.aws_vpc.homelikevpc"
          ]
        }
      ]
    },
    {
      "module": "module.network_stack",
      "mode": "managed",
      "type": "aws_lb_target_group",
      "name": "alb_target",
      "provider": "provider[\"registry.terraform.io/hashicorp/aws\"]",
      "instances": [
        {
          "schema_version": 0,
          "attributes": {
            "arn": "arn:aws:elasticloadbalancing:eu-central-1:694108144550:targetgroup/alb-target-for-nginx/fd05e7665ca99aa0",
            "arn_suffix": "targetgroup/alb-target-for-nginx/fd05e7665ca99aa0",
            "deregistration_delay": 300,
            "health_check": [
              {
                "enabled": true,
                "healthy_threshold": 5,
                "interval": 30,
                "matcher": "200",
                "path": "/",
                "port": "traffic-port",
                "protocol": "HTTP",
                "timeout": 5,
                "unhealthy_threshold": 2
              }
            ],
            "id": "arn:aws:elasticloadbalancing:eu-central-1:694108144550:targetgroup/alb-target-for-nginx/fd05e7665ca99aa0",
            "lambda_multi_value_headers_enabled": false,
            "load_balancing_algorithm_type": "round_robin",
            "name": "alb-target-for-nginx",
            "name_prefix": null,
            "port": 80,
            "protocol": "HTTP",
            "protocol_version": "HTTP1",
            "proxy_protocol_v2": false,
            "slow_start": 0,
            "stickiness": [
              {
                "cookie_duration": 86400,
                "enabled": false,
                "type": "lb_cookie"
              }
            ],
            "tags": {},
            "target_type": "instance",
            "vpc_id": "vpc-041f7d4470758a1aa"
          },
          "private": "bnVsbA==",
          "dependencies": [
            "module.network_stack.aws_vpc.homelikevpc"
          ]
        }
      ]
    },
    {
      "module": "module.network_stack",
      "mode": "managed",
      "type": "aws_nat_gateway",
      "name": "gw",
      "provider": "provider[\"registry.terraform.io/hashicorp/aws\"]",
      "instances": [
        {
          "schema_version": 0,
          "attributes": {
            "allocation_id": "eipalloc-9a82e3bc",
            "id": "nat-0e448b06b366e0ab5",
            "network_interface_id": "eni-0b6954f3400b5ec45",
            "private_ip": "10.0.77.28",
            "public_ip": "3.66.69.109",
            "subnet_id": "subnet-09ab02c9db5314a0a",
            "tags": {}
          },
          "private": "bnVsbA==",
          "dependencies": [
            "module.network_stack.aws_eip.nat",
            "module.network_stack.aws_subnet.alb",
            "module.network_stack.aws_vpc.homelikevpc"
          ]
        }
      ]
    },
    {
      "module": "module.network_stack",
      "mode": "managed",
      "type": "aws_network_interface",
      "name": "db1nwinterface",
      "provider": "provider[\"registry.terraform.io/hashicorp/aws\"]",
      "instances": [
        {
          "schema_version": 0,
          "attributes": {
            "attachment": [
              {
                "attachment_id": "eni-attach-0605417509000e7e6",
                "device_index": 0,
                "instance": "i-073a392562a7a95c1"
              }
            ],
            "description": "",
            "id": "eni-006e0453d2b46a9f8",
            "ipv6_address_count": 0,
            "ipv6_addresses": [],
            "mac_address": "02:82:74:ed:ed:2e",
            "outpost_arn": "",
            "private_dns_name": "ip-10-0-48-5.eu-central-1.compute.internal",
            "private_ip": "10.0.48.5",
            "private_ips": [
              "10.0.48.5"
            ],
            "private_ips_count": 0,
            "security_groups": [
              "sg-08ea6cc6a39aa8031"
            ],
            "source_dest_check": true,
            "subnet_id": "subnet-0b8c048fe13fbc4cc",
            "tags": {
              "Env": "Prod",
              "Owner": "HomeLike"
            }
          },
          "private": "bnVsbA==",
          "dependencies": [
            "module.network_stack.aws_security_group.db",
            "module.network_stack.aws_subnet.db",
            "module.network_stack.aws_vpc.homelikevpc"
          ]
        }
      ]
    },
    {
      "module": "module.network_stack",
      "mode": "managed",
      "type": "aws_network_interface",
      "name": "db2nwinterface",
      "provider": "provider[\"registry.terraform.io/hashicorp/aws\"]",
      "instances": [
        {
          "schema_version": 0,
          "attributes": {
            "attachment": [
              {
                "attachment_id": "eni-attach-0534caac457494415",
                "device_index": 0,
                "instance": "i-05278abc261bc2848"
              }
            ],
            "description": "",
            "id": "eni-0372650ed1a96dfbb",
            "ipv6_address_count": 0,
            "ipv6_addresses": [],
            "mac_address": "06:09:b5:76:05:18",
            "outpost_arn": "",
            "private_dns_name": "ip-10-0-56-5.eu-central-1.compute.internal",
            "private_ip": "10.0.56.5",
            "private_ips": [
              "10.0.56.5"
            ],
            "private_ips_count": 0,
            "security_groups": [
              "sg-08ea6cc6a39aa8031"
            ],
            "source_dest_check": true,
            "subnet_id": "subnet-01ad4426ffe81d8e7",
            "tags": {
              "Env": "Prod",
              "Owner": "HomeLike"
            }
          },
          "private": "bnVsbA==",
          "dependencies": [
            "module.network_stack.aws_security_group.db",
            "module.network_stack.aws_subnet.db",
            "module.network_stack.aws_vpc.homelikevpc"
          ]
        }
      ]
    },
    {
      "module": "module.network_stack",
      "mode": "managed",
      "type": "aws_network_interface",
      "name": "db3nwinterface",
      "provider": "provider[\"registry.terraform.io/hashicorp/aws\"]",
      "instances": [
        {
          "schema_version": 0,
          "attributes": {
            "attachment": [
              {
                "attachment_id": "eni-attach-0a88b5223b5ed7140",
                "device_index": 0,
                "instance": "i-079ba27ebe396a03c"
              }
            ],
            "description": "",
            "id": "eni-02de2055a17d6385c",
            "ipv6_address_count": 0,
            "ipv6_addresses": [],
            "mac_address": "0a:e3:50:d3:62:2a",
            "outpost_arn": "",
            "private_dns_name": "ip-10-0-64-5.eu-central-1.compute.internal",
            "private_ip": "10.0.64.5",
            "private_ips": [
              "10.0.64.5"
            ],
            "private_ips_count": 0,
            "security_groups": [
              "sg-08ea6cc6a39aa8031"
            ],
            "source_dest_check": true,
            "subnet_id": "subnet-0074b466e252ecaa9",
            "tags": {
              "Env": "Prod",
              "Owner": "HomeLike"
            }
          },
          "private": "bnVsbA==",
          "dependencies": [
            "module.network_stack.aws_security_group.db",
            "module.network_stack.aws_subnet.db",
            "module.network_stack.aws_vpc.homelikevpc"
          ]
        }
      ]
    },
    {
      "module": "module.network_stack",
      "mode": "managed",
      "type": "aws_route_table",
      "name": "route_table",
      "provider": "provider[\"registry.terraform.io/hashicorp/aws\"]",
      "instances": [
        {
          "schema_version": 0,
          "attributes": {
            "id": "rtb-0b1b57588a2c424b9",
            "owner_id": "694108144550",
            "propagating_vgws": [],
            "route": [
              {
                "cidr_block": "0.0.0.0/0",
                "egress_only_gateway_id": "",
                "gateway_id": "igw-06507976106a7b2cb",
                "instance_id": "",
                "ipv6_cidr_block": "",
                "local_gateway_id": "",
                "nat_gateway_id": "",
                "network_interface_id": "",
                "transit_gateway_id": "",
                "vpc_endpoint_id": "",
                "vpc_peering_connection_id": ""
              }
            ],
            "tags": {
              "Env": "Prod",
              "Name": "rt-homelike-internet",
              "Owner": "HomeLike"
            },
            "vpc_id": "vpc-041f7d4470758a1aa"
          },
          "private": "bnVsbA==",
          "dependencies": [
            "module.network_stack.aws_internet_gateway.igw",
            "module.network_stack.aws_vpc.homelikevpc"
          ]
        }
      ]
    },
    {
      "module": "module.network_stack",
      "mode": "managed",
      "type": "aws_route_table",
      "name": "route_table_nat",
      "provider": "provider[\"registry.terraform.io/hashicorp/aws\"]",
      "instances": [
        {
          "schema_version": 0,
          "attributes": {
            "id": "rtb-0b8b7628ad3049458",
            "owner_id": "694108144550",
            "propagating_vgws": [],
            "route": [
              {
                "cidr_block": "0.0.0.0/0",
                "egress_only_gateway_id": "",
                "gateway_id": "",
                "instance_id": "",
                "ipv6_cidr_block": "",
                "local_gateway_id": "",
                "nat_gateway_id": "nat-0e448b06b366e0ab5",
                "network_interface_id": "",
                "transit_gateway_id": "",
                "vpc_endpoint_id": "",
                "vpc_peering_connection_id": ""
              }
            ],
            "tags": {
              "Env": "Prod",
              "Name": "rt-homelike-natgw",
              "Owner": "HomeLike"
            },
            "vpc_id": "vpc-041f7d4470758a1aa"
          },
          "private": "bnVsbA==",
          "dependencies": [
            "module.network_stack.aws_eip.nat",
            "module.network_stack.aws_nat_gateway.gw",
            "module.network_stack.aws_subnet.alb",
            "module.network_stack.aws_vpc.homelikevpc"
          ]
        }
      ]
    },
    {
      "module": "module.network_stack",
      "mode": "managed",
      "type": "aws_route_table_association",
      "name": "route_assoc1",
      "provider": "provider[\"registry.terraform.io/hashicorp/aws\"]",
      "instances": [
        {
          "schema_version": 0,
          "attributes": {
            "gateway_id": null,
            "id": "rtbassoc-081067bb9250184af",
            "route_table_id": "rtb-0b1b57588a2c424b9",
            "subnet_id": "subnet-09ab02c9db5314a0a"
          },
          "private": "bnVsbA==",
          "dependencies": [
            "module.network_stack.aws_internet_gateway.igw",
            "module.network_stack.aws_route_table.route_table",
            "module.network_stack.aws_subnet.alb",
            "module.network_stack.aws_vpc.homelikevpc"
          ]
        }
      ]
    },
    {
      "module": "module.network_stack",
      "mode": "managed",
      "type": "aws_route_table_association",
      "name": "route_assoc10",
      "provider": "provider[\"registry.terraform.io/hashicorp/aws\"]",
      "instances": [
        {
          "schema_version": 0,
          "attributes": {
            "gateway_id": null,
            "id": "rtbassoc-04edea073f7a056fa",
            "route_table_id": "rtb-0b8b7628ad3049458",
            "subnet_id": "subnet-0b8c048fe13fbc4cc"
          },
          "private": "bnVsbA==",
          "dependencies": [
            "module.network_stack.aws_eip.nat",
            "module.network_stack.aws_nat_gateway.gw",
            "module.network_stack.aws_route_table.route_table_nat",
            "module.network_stack.aws_subnet.alb",
            "module.network_stack.aws_subnet.db",
            "module.network_stack.aws_vpc.homelikevpc"
          ]
        }
      ]
    },
    {
      "module": "module.network_stack",
      "mode": "managed",
      "type": "aws_route_table_association",
      "name": "route_assoc11",
      "provider": "provider[\"registry.terraform.io/hashicorp/aws\"]",
      "instances": [
        {
          "schema_version": 0,
          "attributes": {
            "gateway_id": null,
            "id": "rtbassoc-04ff2c928150164a2",
            "route_table_id": "rtb-0b8b7628ad3049458",
            "subnet_id": "subnet-01ad4426ffe81d8e7"
          },
          "private": "bnVsbA==",
          "dependencies": [
            "module.network_stack.aws_eip.nat",
            "module.network_stack.aws_nat_gateway.gw",
            "module.network_stack.aws_route_table.route_table_nat",
            "module.network_stack.aws_subnet.alb",
            "module.network_stack.aws_subnet.db",
            "module.network_stack.aws_vpc.homelikevpc"
          ]
        }
      ]
    },
    {
      "module": "module.network_stack",
      "mode": "managed",
      "type": "aws_route_table_association",
      "name": "route_assoc12",
      "provider": "provider[\"registry.terraform.io/hashicorp/aws\"]",
      "instances": [
        {
          "schema_version": 0,
          "attributes": {
            "gateway_id": null,
            "id": "rtbassoc-085324cd9b794a4b6",
            "route_table_id": "rtb-0b8b7628ad3049458",
            "subnet_id": "subnet-0074b466e252ecaa9"
          },
          "private": "bnVsbA==",
          "dependencies": [
            "module.network_stack.aws_eip.nat",
            "module.network_stack.aws_nat_gateway.gw",
            "module.network_stack.aws_route_table.route_table_nat",
            "module.network_stack.aws_subnet.alb",
            "module.network_stack.aws_subnet.db",
            "module.network_stack.aws_vpc.homelikevpc"
          ]
        }
      ]
    },
    {
      "module": "module.network_stack",
      "mode": "managed",
      "type": "aws_route_table_association",
      "name": "route_assoc2",
      "provider": "provider[\"registry.terraform.io/hashicorp/aws\"]",
      "instances": [
        {
          "schema_version": 0,
          "attributes": {
            "gateway_id": null,
            "id": "rtbassoc-06c78c4cd412968c8",
            "route_table_id": "rtb-0b1b57588a2c424b9",
            "subnet_id": "subnet-021a8d4938a7741e9"
          },
          "private": "bnVsbA==",
          "dependencies": [
            "module.network_stack.aws_internet_gateway.igw",
            "module.network_stack.aws_route_table.route_table",
            "module.network_stack.aws_subnet.alb",
            "module.network_stack.aws_vpc.homelikevpc"
          ]
        }
      ]
    },
    {
      "module": "module.network_stack",
      "mode": "managed",
      "type": "aws_route_table_association",
      "name": "route_assoc3",
      "provider": "provider[\"registry.terraform.io/hashicorp/aws\"]",
      "instances": [
        {
          "schema_version": 0,
          "attributes": {
            "gateway_id": null,
            "id": "rtbassoc-0dfd0435b71fbfbf1",
            "route_table_id": "rtb-0b1b57588a2c424b9",
            "subnet_id": "subnet-0ab3af37ee98fc4dc"
          },
          "private": "bnVsbA==",
          "dependencies": [
            "module.network_stack.aws_internet_gateway.igw",
            "module.network_stack.aws_route_table.route_table",
            "module.network_stack.aws_subnet.alb",
            "module.network_stack.aws_vpc.homelikevpc"
          ]
        }
      ]
    },
    {
      "module": "module.network_stack",
      "mode": "managed",
      "type": "aws_route_table_association",
      "name": "route_assoc4",
      "provider": "provider[\"registry.terraform.io/hashicorp/aws\"]",
      "instances": [
        {
          "schema_version": 0,
          "attributes": {
            "gateway_id": null,
            "id": "rtbassoc-0d7c4c265aab7e8b7",
            "route_table_id": "rtb-0b8b7628ad3049458",
            "subnet_id": "subnet-0b4dd5fdc8fb86d1c"
          },
          "private": "bnVsbA==",
          "dependencies": [
            "module.network_stack.aws_eip.nat",
            "module.network_stack.aws_nat_gateway.gw",
            "module.network_stack.aws_route_table.route_table_nat",
            "module.network_stack.aws_subnet.alb",
            "module.network_stack.aws_subnet.nginx",
            "module.network_stack.aws_vpc.homelikevpc"
          ]
        }
      ]
    },
    {
      "module": "module.network_stack",
      "mode": "managed",
      "type": "aws_route_table_association",
      "name": "route_assoc5",
      "provider": "provider[\"registry.terraform.io/hashicorp/aws\"]",
      "instances": [
        {
          "schema_version": 0,
          "attributes": {
            "gateway_id": null,
            "id": "rtbassoc-0531a0490b29d5db2",
            "route_table_id": "rtb-0b8b7628ad3049458",
            "subnet_id": "subnet-0221992316f02af88"
          },
          "private": "bnVsbA==",
          "dependencies": [
            "module.network_stack.aws_eip.nat",
            "module.network_stack.aws_nat_gateway.gw",
            "module.network_stack.aws_route_table.route_table_nat",
            "module.network_stack.aws_subnet.alb",
            "module.network_stack.aws_subnet.nginx",
            "module.network_stack.aws_vpc.homelikevpc"
          ]
        }
      ]
    },
    {
      "module": "module.network_stack",
      "mode": "managed",
      "type": "aws_route_table_association",
      "name": "route_assoc6",
      "provider": "provider[\"registry.terraform.io/hashicorp/aws\"]",
      "instances": [
        {
          "schema_version": 0,
          "attributes": {
            "gateway_id": null,
            "id": "rtbassoc-00441cfb710eab794",
            "route_table_id": "rtb-0b8b7628ad3049458",
            "subnet_id": "subnet-082844708d69fef40"
          },
          "private": "bnVsbA==",
          "dependencies": [
            "module.network_stack.aws_eip.nat",
            "module.network_stack.aws_nat_gateway.gw",
            "module.network_stack.aws_route_table.route_table_nat",
            "module.network_stack.aws_subnet.alb",
            "module.network_stack.aws_subnet.nginx",
            "module.network_stack.aws_vpc.homelikevpc"
          ]
        }
      ]
    },
    {
      "module": "module.network_stack",
      "mode": "managed",
      "type": "aws_route_table_association",
      "name": "route_assoc7",
      "provider": "provider[\"registry.terraform.io/hashicorp/aws\"]",
      "instances": [
        {
          "schema_version": 0,
          "attributes": {
            "gateway_id": null,
            "id": "rtbassoc-0a28ae4738645fcd0",
            "route_table_id": "rtb-0b8b7628ad3049458",
            "subnet_id": "subnet-0d76c12f9ddae7801"
          },
          "private": "bnVsbA==",
          "dependencies": [
            "module.network_stack.aws_eip.nat",
            "module.network_stack.aws_nat_gateway.gw",
            "module.network_stack.aws_route_table.route_table_nat",
            "module.network_stack.aws_subnet.alb",
            "module.network_stack.aws_subnet.app",
            "module.network_stack.aws_vpc.homelikevpc"
          ]
        }
      ]
    },
    {
      "module": "module.network_stack",
      "mode": "managed",
      "type": "aws_route_table_association",
      "name": "route_assoc8",
      "provider": "provider[\"registry.terraform.io/hashicorp/aws\"]",
      "instances": [
        {
          "schema_version": 0,
          "attributes": {
            "gateway_id": null,
            "id": "rtbassoc-0909f8ac1a20c5de3",
            "route_table_id": "rtb-0b8b7628ad3049458",
            "subnet_id": "subnet-06061a5d31020d2e7"
          },
          "private": "bnVsbA==",
          "dependencies": [
            "module.network_stack.aws_eip.nat",
            "module.network_stack.aws_nat_gateway.gw",
            "module.network_stack.aws_route_table.route_table_nat",
            "module.network_stack.aws_subnet.alb",
            "module.network_stack.aws_subnet.app",
            "module.network_stack.aws_vpc.homelikevpc"
          ]
        }
      ]
    },
    {
      "module": "module.network_stack",
      "mode": "managed",
      "type": "aws_route_table_association",
      "name": "route_assoc9",
      "provider": "provider[\"registry.terraform.io/hashicorp/aws\"]",
      "instances": [
        {
          "schema_version": 0,
          "attributes": {
            "gateway_id": null,
            "id": "rtbassoc-0efc81f87c5ea8a9c",
            "route_table_id": "rtb-0b8b7628ad3049458",
            "subnet_id": "subnet-023cc1ea75da10950"
          },
          "private": "bnVsbA==",
          "dependencies": [
            "module.network_stack.aws_eip.nat",
            "module.network_stack.aws_nat_gateway.gw",
            "module.network_stack.aws_route_table.route_table_nat",
            "module.network_stack.aws_subnet.alb",
            "module.network_stack.aws_subnet.app",
            "module.network_stack.aws_vpc.homelikevpc"
          ]
        }
      ]
    },
    {
      "module": "module.network_stack",
      "mode": "managed",
      "type": "aws_route_table_association",
      "name": "route_assoc_vpn",
      "provider": "provider[\"registry.terraform.io/hashicorp/aws\"]",
      "instances": [
        {
          "schema_version": 0,
          "attributes": {
            "gateway_id": null,
            "id": "rtbassoc-007045f30d629c9ff",
            "route_table_id": "rtb-0b1b57588a2c424b9",
            "subnet_id": "subnet-0f1b22302e3412ffa"
          },
          "private": "bnVsbA==",
          "dependencies": [
            "module.network_stack.aws_internet_gateway.igw",
            "module.network_stack.aws_route_table.route_table",
            "module.network_stack.aws_subnet.vpn",
            "module.network_stack.aws_vpc.homelikevpc"
          ]
        }
      ]
    },
    {
      "module": "module.network_stack",
      "mode": "managed",
      "type": "aws_security_group",
      "name": "alb_nginx",
      "provider": "provider[\"registry.terraform.io/hashicorp/aws\"]",
      "instances": [
        {
          "schema_version": 1,
          "attributes": {
            "arn": "arn:aws:ec2:eu-central-1:694108144550:security-group/sg-09ac6731c11d2729f",
            "description": "HTTP from Internet",
            "egress": [
              {
                "cidr_blocks": [
                  "0.0.0.0/0"
                ],
                "description": "",
                "from_port": 0,
                "ipv6_cidr_blocks": [],
                "prefix_list_ids": [],
                "protocol": "-1",
                "security_groups": [],
                "self": false,
                "to_port": 0
              }
            ],
            "id": "sg-09ac6731c11d2729f",
            "ingress": [
              {
                "cidr_blocks": [
                  "0.0.0.0/0"
                ],
                "description": "HTTP from Internet",
                "from_port": 80,
                "ipv6_cidr_blocks": [],
                "prefix_list_ids": [],
                "protocol": "tcp",
                "security_groups": [],
                "self": false,
                "to_port": 80
              },
              {
                "cidr_blocks": [
                  "0.0.0.0/0"
                ],
                "description": "SSH from Internet",
                "from_port": 22,
                "ipv6_cidr_blocks": [],
                "prefix_list_ids": [],
                "protocol": "tcp",
                "security_groups": [],
                "self": false,
                "to_port": 22
              }
            ],
            "name": "alb_nginx",
            "name_prefix": "",
            "owner_id": "694108144550",
            "revoke_rules_on_delete": false,
            "tags": {},
            "timeouts": null,
            "vpc_id": "vpc-041f7d4470758a1aa"
          },
          "private": "eyJlMmJmYjczMC1lY2FhLTExZTYtOGY4OC0zNDM2M2JjN2M0YzAiOnsiY3JlYXRlIjo2MDAwMDAwMDAwMDAsImRlbGV0ZSI6NjAwMDAwMDAwMDAwfSwic2NoZW1hX3ZlcnNpb24iOiIxIn0=",
          "dependencies": [
            "module.network_stack.aws_vpc.homelikevpc"
          ]
        }
      ]
    },
    {
      "module": "module.network_stack",
      "mode": "managed",
      "type": "aws_security_group",
      "name": "app",
      "provider": "provider[\"registry.terraform.io/hashicorp/aws\"]",
      "instances": [
        {
          "schema_version": 1,
          "attributes": {
            "arn": "arn:aws:ec2:eu-central-1:694108144550:security-group/sg-0a5b1c8e5b683bad5",
            "description": "app",
            "egress": [
              {
                "cidr_blocks": [
                  "0.0.0.0/0"
                ],
                "description": "",
                "from_port": 0,
                "ipv6_cidr_blocks": [],
                "prefix_list_ids": [],
                "protocol": "-1",
                "security_groups": [],
                "self": false,
                "to_port": 0
              }
            ],
            "id": "sg-0a5b1c8e5b683bad5",
            "ingress": [
              {
                "cidr_blocks": [
                  "10.0.0.0/21",
                  "10.0.8.0/21",
                  "10.0.16.0/21"
                ],
                "description": "HTTP from Internet",
                "from_port": 80,
                "ipv6_cidr_blocks": [],
                "prefix_list_ids": [],
                "protocol": "tcp",
                "security_groups": [],
                "self": false,
                "to_port": 80
              },
              {
                "cidr_blocks": [
                  "10.0.72.0/21",
                  "10.0.80.0/21",
                  "10.0.88.0/21"
                ],
                "description": "SSH from Internet",
                "from_port": 22,
                "ipv6_cidr_blocks": [],
                "prefix_list_ids": [],
                "protocol": "tcp",
                "security_groups": [],
                "self": false,
                "to_port": 22
              }
            ],
            "name": "app",
            "name_prefix": "",
            "owner_id": "694108144550",
            "revoke_rules_on_delete": false,
            "tags": {},
            "timeouts": null,
            "vpc_id": "vpc-041f7d4470758a1aa"
          },
          "private": "eyJlMmJmYjczMC1lY2FhLTExZTYtOGY4OC0zNDM2M2JjN2M0YzAiOnsiY3JlYXRlIjo2MDAwMDAwMDAwMDAsImRlbGV0ZSI6NjAwMDAwMDAwMDAwfSwic2NoZW1hX3ZlcnNpb24iOiIxIn0=",
          "dependencies": [
            "module.network_stack.aws_vpc.homelikevpc"
          ]
        }
      ]
    },
    {
      "module": "module.network_stack",
      "mode": "managed",
      "type": "aws_security_group",
      "name": "db",
      "provider": "provider[\"registry.terraform.io/hashicorp/aws\"]",
      "instances": [
        {
          "schema_version": 1,
          "attributes": {
            "arn": "arn:aws:ec2:eu-central-1:694108144550:security-group/sg-08ea6cc6a39aa8031",
            "description": "db",
            "egress": [
              {
                "cidr_blocks": [
                  "0.0.0.0/0"
                ],
                "description": "",
                "from_port": 0,
                "ipv6_cidr_blocks": [],
                "prefix_list_ids": [],
                "protocol": "-1",
                "security_groups": [],
                "self": false,
                "to_port": 0
              }
            ],
            "id": "sg-08ea6cc6a39aa8031",
            "ingress": [
              {
                "cidr_blocks": [
                  "10.0.24.0/21",
                  "10.0.32.0/21",
                  "10.0.40.0/21"
                ],
                "description": "HTTP from Internet",
                "from_port": 27017,
                "ipv6_cidr_blocks": [],
                "prefix_list_ids": [],
                "protocol": "tcp",
                "security_groups": [],
                "self": false,
                "to_port": 27017
              },
              {
                "cidr_blocks": [
                  "10.0.72.0/21",
                  "10.0.80.0/21",
                  "10.0.88.0/21"
                ],
                "description": "SSH from Internet",
                "from_port": 22,
                "ipv6_cidr_blocks": [],
                "prefix_list_ids": [],
                "protocol": "tcp",
                "security_groups": [],
                "self": false,
                "to_port": 22
              }
            ],
            "name": "db",
            "name_prefix": "",
            "owner_id": "694108144550",
            "revoke_rules_on_delete": false,
            "tags": {},
            "timeouts": null,
            "vpc_id": "vpc-041f7d4470758a1aa"
          },
          "private": "eyJlMmJmYjczMC1lY2FhLTExZTYtOGY4OC0zNDM2M2JjN2M0YzAiOnsiY3JlYXRlIjo2MDAwMDAwMDAwMDAsImRlbGV0ZSI6NjAwMDAwMDAwMDAwfSwic2NoZW1hX3ZlcnNpb24iOiIxIn0=",
          "dependencies": [
            "module.network_stack.aws_vpc.homelikevpc"
          ]
        }
      ]
    },
    {
      "module": "module.network_stack",
      "mode": "managed",
      "type": "aws_security_group",
      "name": "nginx",
      "provider": "provider[\"registry.terraform.io/hashicorp/aws\"]",
      "instances": [
        {
          "schema_version": 1,
          "attributes": {
            "arn": "arn:aws:ec2:eu-central-1:694108144550:security-group/sg-0be326016e248586d",
            "description": "HTTP from Internet",
            "egress": [
              {
                "cidr_blocks": [
                  "0.0.0.0/0"
                ],
                "description": "",
                "from_port": 0,
                "ipv6_cidr_blocks": [],
                "prefix_list_ids": [],
                "protocol": "-1",
                "security_groups": [],
                "self": false,
                "to_port": 0
              }
            ],
            "id": "sg-0be326016e248586d",
            "ingress": [
              {
                "cidr_blocks": [
                  "10.0.72.0/21",
                  "10.0.80.0/21",
                  "10.0.88.0/21"
                ],
                "description": "HTTP from Internet",
                "from_port": 80,
                "ipv6_cidr_blocks": [],
                "prefix_list_ids": [],
                "protocol": "tcp",
                "security_groups": [],
                "self": false,
                "to_port": 80
              },
              {
                "cidr_blocks": [
                  "10.0.72.0/21",
                  "10.0.80.0/21",
                  "10.0.88.0/21"
                ],
                "description": "SSH from Internet",
                "from_port": 22,
                "ipv6_cidr_blocks": [],
                "prefix_list_ids": [],
                "protocol": "tcp",
                "security_groups": [],
                "self": false,
                "to_port": 22
              }
            ],
            "name": "nginx",
            "name_prefix": "",
            "owner_id": "694108144550",
            "revoke_rules_on_delete": false,
            "tags": {},
            "timeouts": null,
            "vpc_id": "vpc-041f7d4470758a1aa"
          },
          "private": "eyJlMmJmYjczMC1lY2FhLTExZTYtOGY4OC0zNDM2M2JjN2M0YzAiOnsiY3JlYXRlIjo2MDAwMDAwMDAwMDAsImRlbGV0ZSI6NjAwMDAwMDAwMDAwfSwic2NoZW1hX3ZlcnNpb24iOiIxIn0=",
          "dependencies": [
            "module.network_stack.aws_vpc.homelikevpc"
          ]
        }
      ]
    },
    {
      "module": "module.network_stack",
      "mode": "managed",
      "type": "aws_security_group",
      "name": "vpn",
      "provider": "provider[\"registry.terraform.io/hashicorp/aws\"]",
      "instances": [
        {
          "schema_version": 1,
          "attributes": {
            "arn": "arn:aws:ec2:eu-central-1:694108144550:security-group/sg-00a75565db0400684",
            "description": "HTTP from Internet",
            "egress": [
              {
                "cidr_blocks": [
                  "0.0.0.0/0"
                ],
                "description": "",
                "from_port": 0,
                "ipv6_cidr_blocks": [],
                "prefix_list_ids": [],
                "protocol": "-1",
                "security_groups": [],
                "self": false,
                "to_port": 0
              }
            ],
            "id": "sg-00a75565db0400684",
            "ingress": [
              {
                "cidr_blocks": [
                  "0.0.0.0/0"
                ],
                "description": "HTTPS from Internet",
                "from_port": 443,
                "ipv6_cidr_blocks": [],
                "prefix_list_ids": [],
                "protocol": "tcp",
                "security_groups": [],
                "self": false,
                "to_port": 443
              },
              {
                "cidr_blocks": [
                  "0.0.0.0/0"
                ],
                "description": "OPENVPN from Internet",
                "from_port": 943,
                "ipv6_cidr_blocks": [],
                "prefix_list_ids": [],
                "protocol": "tcp",
                "security_groups": [],
                "self": false,
                "to_port": 943
              },
              {
                "cidr_blocks": [
                  "0.0.0.0/0"
                ],
                "description": "OPNEnVPN from Internet",
                "from_port": 1194,
                "ipv6_cidr_blocks": [],
                "prefix_list_ids": [],
                "protocol": "udp",
                "security_groups": [],
                "self": false,
                "to_port": 1194
              },
              {
                "cidr_blocks": [
                  "0.0.0.0/0"
                ],
                "description": "SSH from Internet",
                "from_port": 22,
                "ipv6_cidr_blocks": [],
                "prefix_list_ids": [],
                "protocol": "tcp",
                "security_groups": [],
                "self": false,
                "to_port": 22
              }
            ],
            "name": "vpn",
            "name_prefix": "",
            "owner_id": "694108144550",
            "revoke_rules_on_delete": false,
            "tags": {},
            "timeouts": null,
            "vpc_id": "vpc-041f7d4470758a1aa"
          },
          "private": "eyJlMmJmYjczMC1lY2FhLTExZTYtOGY4OC0zNDM2M2JjN2M0YzAiOnsiY3JlYXRlIjo2MDAwMDAwMDAwMDAsImRlbGV0ZSI6NjAwMDAwMDAwMDAwfSwic2NoZW1hX3ZlcnNpb24iOiIxIn0=",
          "dependencies": [
            "module.network_stack.aws_vpc.homelikevpc"
          ]
        }
      ]
    },
    {
      "module": "module.network_stack",
      "mode": "managed",
      "type": "aws_ssm_association",
      "name": "nginx_automation",
      "provider": "provider[\"registry.terraform.io/hashicorp/aws\"]",
      "instances": [
        {
          "schema_version": 1,
          "attributes": {
            "apply_only_at_cron_interval": false,
            "association_id": "d6936e5f-d07c-4d2e-b200-f4d2e3b23156",
            "association_name": "nginxsetup",
            "automation_target_parameter_name": "",
            "compliance_severity": "",
            "document_version": "$DEFAULT",
            "id": "d6936e5f-d07c-4d2e-b200-f4d2e3b23156",
            "instance_id": "",
            "max_concurrency": "50",
            "max_errors": "0",
            "name": "AWS-ApplyAnsiblePlaybooks",
            "output_location": [],
            "parameters": {
              "ExtraVariables": "ansible_python_interpreter=/usr/bin/python",
              "InstallDependencies": "False",
              "PlaybookFile": "playbook.yml",
              "SourceInfo": "{\"path\":\"https://s3.amazonaws.com/homelikeautomation/nginx\"}",
              "SourceType": "S3"
            },
            "schedule_expression": "",
            "targets": [
              {
                "key": "tag:Name",
                "values": [
                  "nginx"
                ]
              }
            ]
          },
          "private": "eyJzY2hlbWFfdmVyc2lvbiI6IjEifQ==",
          "dependencies": [
            "module.network_stack.aws_autoscaling_group.nginx",
            "module.network_stack.aws_iam_instance_profile.resources_iam_profile",
            "module.network_stack.aws_iam_role.resources_iam_role",
            "module.network_stack.aws_iam_role_policy_attachment.resources_s3read_policy",
            "module.network_stack.aws_iam_role_policy_attachment.resources_ssm_policy",
            "module.network_stack.aws_key_pair.generated_key",
            "module.network_stack.aws_launch_configuration.nginx",
            "module.network_stack.aws_lb_target_group.alb_target",
            "module.network_stack.aws_security_group.nginx",
            "module.network_stack.aws_subnet.nginx",
            "module.network_stack.aws_vpc.homelikevpc",
            "module.network_stack.data.aws_ami.ubuntu",
            "module.network_stack.tls_private_key.key"
          ]
        }
      ]
    },
    {
      "module": "module.network_stack",
      "mode": "managed",
      "type": "aws_subnet",
      "name": "alb",
      "provider": "provider[\"registry.terraform.io/hashicorp/aws\"]",
      "instances": [
        {
          "index_key": "subnet-alb1",
          "schema_version": 1,
          "attributes": {
            "arn": "arn:aws:ec2:eu-central-1:694108144550:subnet/subnet-09ab02c9db5314a0a",
            "assign_ipv6_address_on_creation": false,
            "availability_zone": "eu-central-1a",
            "availability_zone_id": "euc1-az2",
            "cidr_block": "10.0.72.0/21",
            "customer_owned_ipv4_pool": "",
            "id": "subnet-09ab02c9db5314a0a",
            "ipv6_cidr_block": "",
            "ipv6_cidr_block_association_id": "",
            "map_customer_owned_ip_on_launch": false,
            "map_public_ip_on_launch": false,
            "outpost_arn": "",
            "owner_id": "694108144550",
            "tags": {
              "Env": "Prod",
              "Name": "subnet-alb1",
              "Owner": "HomeLike"
            },
            "tags_all": {
              "Env": "Prod",
              "Name": "subnet-alb1",
              "Owner": "HomeLike"
            },
            "timeouts": null,
            "vpc_id": "vpc-041f7d4470758a1aa"
          },
          "private": "eyJlMmJmYjczMC1lY2FhLTExZTYtOGY4OC0zNDM2M2JjN2M0YzAiOnsiY3JlYXRlIjo2MDAwMDAwMDAwMDAsImRlbGV0ZSI6MTIwMDAwMDAwMDAwMH0sInNjaGVtYV92ZXJzaW9uIjoiMSJ9",
          "dependencies": [
            "module.network_stack.aws_vpc.homelikevpc"
          ]
        },
        {
          "index_key": "subnet-alb2",
          "schema_version": 1,
          "attributes": {
            "arn": "arn:aws:ec2:eu-central-1:694108144550:subnet/subnet-021a8d4938a7741e9",
            "assign_ipv6_address_on_creation": false,
            "availability_zone": "eu-central-1b",
            "availability_zone_id": "euc1-az3",
            "cidr_block": "10.0.80.0/21",
            "customer_owned_ipv4_pool": "",
            "id": "subnet-021a8d4938a7741e9",
            "ipv6_cidr_block": "",
            "ipv6_cidr_block_association_id": "",
            "map_customer_owned_ip_on_launch": false,
            "map_public_ip_on_launch": false,
            "outpost_arn": "",
            "owner_id": "694108144550",
            "tags": {
              "Env": "Prod",
              "Name": "subnet-alb2",
              "Owner": "HomeLike"
            },
            "tags_all": {
              "Env": "Prod",
              "Name": "subnet-alb2",
              "Owner": "HomeLike"
            },
            "timeouts": null,
            "vpc_id": "vpc-041f7d4470758a1aa"
          },
          "private": "eyJlMmJmYjczMC1lY2FhLTExZTYtOGY4OC0zNDM2M2JjN2M0YzAiOnsiY3JlYXRlIjo2MDAwMDAwMDAwMDAsImRlbGV0ZSI6MTIwMDAwMDAwMDAwMH0sInNjaGVtYV92ZXJzaW9uIjoiMSJ9",
          "dependencies": [
            "module.network_stack.aws_vpc.homelikevpc"
          ]
        },
        {
          "index_key": "subnet-alb3",
          "schema_version": 1,
          "attributes": {
            "arn": "arn:aws:ec2:eu-central-1:694108144550:subnet/subnet-0ab3af37ee98fc4dc",
            "assign_ipv6_address_on_creation": false,
            "availability_zone": "eu-central-1c",
            "availability_zone_id": "euc1-az1",
            "cidr_block": "10.0.88.0/21",
            "customer_owned_ipv4_pool": "",
            "id": "subnet-0ab3af37ee98fc4dc",
            "ipv6_cidr_block": "",
            "ipv6_cidr_block_association_id": "",
            "map_customer_owned_ip_on_launch": false,
            "map_public_ip_on_launch": false,
            "outpost_arn": "",
            "owner_id": "694108144550",
            "tags": {
              "Env": "Prod",
              "Name": "subnet-alb3",
              "Owner": "HomeLike"
            },
            "tags_all": {
              "Env": "Prod",
              "Name": "subnet-alb3",
              "Owner": "HomeLike"
            },
            "timeouts": null,
            "vpc_id": "vpc-041f7d4470758a1aa"
          },
          "private": "eyJlMmJmYjczMC1lY2FhLTExZTYtOGY4OC0zNDM2M2JjN2M0YzAiOnsiY3JlYXRlIjo2MDAwMDAwMDAwMDAsImRlbGV0ZSI6MTIwMDAwMDAwMDAwMH0sInNjaGVtYV92ZXJzaW9uIjoiMSJ9",
          "dependencies": [
            "module.network_stack.aws_vpc.homelikevpc"
          ]
        }
      ]
    },
    {
      "module": "module.network_stack",
      "mode": "managed",
      "type": "aws_subnet",
      "name": "app",
      "provider": "provider[\"registry.terraform.io/hashicorp/aws\"]",
      "instances": [
        {
          "index_key": "subnet-app1",
          "schema_version": 1,
          "attributes": {
            "arn": "arn:aws:ec2:eu-central-1:694108144550:subnet/subnet-0d76c12f9ddae7801",
            "assign_ipv6_address_on_creation": false,
            "availability_zone": "eu-central-1a",
            "availability_zone_id": "euc1-az2",
            "cidr_block": "10.0.24.0/21",
            "customer_owned_ipv4_pool": "",
            "id": "subnet-0d76c12f9ddae7801",
            "ipv6_cidr_block": "",
            "ipv6_cidr_block_association_id": "",
            "map_customer_owned_ip_on_launch": false,
            "map_public_ip_on_launch": false,
            "outpost_arn": "",
            "owner_id": "694108144550",
            "tags": {
              "Env": "Prod",
              "Name": "subnet-app1",
              "Owner": "HomeLike"
            },
            "tags_all": {
              "Env": "Prod",
              "Name": "subnet-app1",
              "Owner": "HomeLike"
            },
            "timeouts": null,
            "vpc_id": "vpc-041f7d4470758a1aa"
          },
          "private": "eyJlMmJmYjczMC1lY2FhLTExZTYtOGY4OC0zNDM2M2JjN2M0YzAiOnsiY3JlYXRlIjo2MDAwMDAwMDAwMDAsImRlbGV0ZSI6MTIwMDAwMDAwMDAwMH0sInNjaGVtYV92ZXJzaW9uIjoiMSJ9",
          "dependencies": [
            "module.network_stack.aws_vpc.homelikevpc"
          ]
        },
        {
          "index_key": "subnet-app2",
          "schema_version": 1,
          "attributes": {
            "arn": "arn:aws:ec2:eu-central-1:694108144550:subnet/subnet-06061a5d31020d2e7",
            "assign_ipv6_address_on_creation": false,
            "availability_zone": "eu-central-1b",
            "availability_zone_id": "euc1-az3",
            "cidr_block": "10.0.32.0/21",
            "customer_owned_ipv4_pool": "",
            "id": "subnet-06061a5d31020d2e7",
            "ipv6_cidr_block": "",
            "ipv6_cidr_block_association_id": "",
            "map_customer_owned_ip_on_launch": false,
            "map_public_ip_on_launch": false,
            "outpost_arn": "",
            "owner_id": "694108144550",
            "tags": {
              "Env": "Prod",
              "Name": "subnet-app2",
              "Owner": "HomeLike"
            },
            "tags_all": {
              "Env": "Prod",
              "Name": "subnet-app2",
              "Owner": "HomeLike"
            },
            "timeouts": null,
            "vpc_id": "vpc-041f7d4470758a1aa"
          },
          "private": "eyJlMmJmYjczMC1lY2FhLTExZTYtOGY4OC0zNDM2M2JjN2M0YzAiOnsiY3JlYXRlIjo2MDAwMDAwMDAwMDAsImRlbGV0ZSI6MTIwMDAwMDAwMDAwMH0sInNjaGVtYV92ZXJzaW9uIjoiMSJ9",
          "dependencies": [
            "module.network_stack.aws_vpc.homelikevpc"
          ]
        },
        {
          "index_key": "subnet-app3",
          "schema_version": 1,
          "attributes": {
            "arn": "arn:aws:ec2:eu-central-1:694108144550:subnet/subnet-023cc1ea75da10950",
            "assign_ipv6_address_on_creation": false,
            "availability_zone": "eu-central-1c",
            "availability_zone_id": "euc1-az1",
            "cidr_block": "10.0.40.0/21",
            "customer_owned_ipv4_pool": "",
            "id": "subnet-023cc1ea75da10950",
            "ipv6_cidr_block": "",
            "ipv6_cidr_block_association_id": "",
            "map_customer_owned_ip_on_launch": false,
            "map_public_ip_on_launch": false,
            "outpost_arn": "",
            "owner_id": "694108144550",
            "tags": {
              "Env": "Prod",
              "Name": "subnet-app3",
              "Owner": "HomeLike"
            },
            "tags_all": {
              "Env": "Prod",
              "Name": "subnet-app3",
              "Owner": "HomeLike"
            },
            "timeouts": null,
            "vpc_id": "vpc-041f7d4470758a1aa"
          },
          "private": "eyJlMmJmYjczMC1lY2FhLTExZTYtOGY4OC0zNDM2M2JjN2M0YzAiOnsiY3JlYXRlIjo2MDAwMDAwMDAwMDAsImRlbGV0ZSI6MTIwMDAwMDAwMDAwMH0sInNjaGVtYV92ZXJzaW9uIjoiMSJ9",
          "dependencies": [
            "module.network_stack.aws_vpc.homelikevpc"
          ]
        }
      ]
    },
    {
      "module": "module.network_stack",
      "mode": "managed",
      "type": "aws_subnet",
      "name": "db",
      "provider": "provider[\"registry.terraform.io/hashicorp/aws\"]",
      "instances": [
        {
          "index_key": "subnet-db1",
          "schema_version": 1,
          "attributes": {
            "arn": "arn:aws:ec2:eu-central-1:694108144550:subnet/subnet-0b8c048fe13fbc4cc",
            "assign_ipv6_address_on_creation": false,
            "availability_zone": "eu-central-1a",
            "availability_zone_id": "euc1-az2",
            "cidr_block": "10.0.48.0/21",
            "customer_owned_ipv4_pool": "",
            "id": "subnet-0b8c048fe13fbc4cc",
            "ipv6_cidr_block": "",
            "ipv6_cidr_block_association_id": "",
            "map_customer_owned_ip_on_launch": false,
            "map_public_ip_on_launch": false,
            "outpost_arn": "",
            "owner_id": "694108144550",
            "tags": {
              "Env": "Prod",
              "Name": "subnet-db1",
              "Owner": "HomeLike"
            },
            "tags_all": {
              "Env": "Prod",
              "Name": "subnet-db1",
              "Owner": "HomeLike"
            },
            "timeouts": null,
            "vpc_id": "vpc-041f7d4470758a1aa"
          },
          "private": "eyJlMmJmYjczMC1lY2FhLTExZTYtOGY4OC0zNDM2M2JjN2M0YzAiOnsiY3JlYXRlIjo2MDAwMDAwMDAwMDAsImRlbGV0ZSI6MTIwMDAwMDAwMDAwMH0sInNjaGVtYV92ZXJzaW9uIjoiMSJ9",
          "dependencies": [
            "module.network_stack.aws_vpc.homelikevpc"
          ]
        },
        {
          "index_key": "subnet-db2",
          "schema_version": 1,
          "attributes": {
            "arn": "arn:aws:ec2:eu-central-1:694108144550:subnet/subnet-01ad4426ffe81d8e7",
            "assign_ipv6_address_on_creation": false,
            "availability_zone": "eu-central-1b",
            "availability_zone_id": "euc1-az3",
            "cidr_block": "10.0.56.0/21",
            "customer_owned_ipv4_pool": "",
            "id": "subnet-01ad4426ffe81d8e7",
            "ipv6_cidr_block": "",
            "ipv6_cidr_block_association_id": "",
            "map_customer_owned_ip_on_launch": false,
            "map_public_ip_on_launch": false,
            "outpost_arn": "",
            "owner_id": "694108144550",
            "tags": {
              "Env": "Prod",
              "Name": "subnet-db2",
              "Owner": "HomeLike"
            },
            "tags_all": {
              "Env": "Prod",
              "Name": "subnet-db2",
              "Owner": "HomeLike"
            },
            "timeouts": null,
            "vpc_id": "vpc-041f7d4470758a1aa"
          },
          "private": "eyJlMmJmYjczMC1lY2FhLTExZTYtOGY4OC0zNDM2M2JjN2M0YzAiOnsiY3JlYXRlIjo2MDAwMDAwMDAwMDAsImRlbGV0ZSI6MTIwMDAwMDAwMDAwMH0sInNjaGVtYV92ZXJzaW9uIjoiMSJ9",
          "dependencies": [
            "module.network_stack.aws_vpc.homelikevpc"
          ]
        },
        {
          "index_key": "subnet-db3",
          "schema_version": 1,
          "attributes": {
            "arn": "arn:aws:ec2:eu-central-1:694108144550:subnet/subnet-0074b466e252ecaa9",
            "assign_ipv6_address_on_creation": false,
            "availability_zone": "eu-central-1c",
            "availability_zone_id": "euc1-az1",
            "cidr_block": "10.0.64.0/21",
            "customer_owned_ipv4_pool": "",
            "id": "subnet-0074b466e252ecaa9",
            "ipv6_cidr_block": "",
            "ipv6_cidr_block_association_id": "",
            "map_customer_owned_ip_on_launch": false,
            "map_public_ip_on_launch": false,
            "outpost_arn": "",
            "owner_id": "694108144550",
            "tags": {
              "Env": "Prod",
              "Name": "subnet-db3",
              "Owner": "HomeLike"
            },
            "tags_all": {
              "Env": "Prod",
              "Name": "subnet-db3",
              "Owner": "HomeLike"
            },
            "timeouts": null,
            "vpc_id": "vpc-041f7d4470758a1aa"
          },
          "private": "eyJlMmJmYjczMC1lY2FhLTExZTYtOGY4OC0zNDM2M2JjN2M0YzAiOnsiY3JlYXRlIjo2MDAwMDAwMDAwMDAsImRlbGV0ZSI6MTIwMDAwMDAwMDAwMH0sInNjaGVtYV92ZXJzaW9uIjoiMSJ9",
          "dependencies": [
            "module.network_stack.aws_vpc.homelikevpc"
          ]
        }
      ]
    },
    {
      "module": "module.network_stack",
      "mode": "managed",
      "type": "aws_subnet",
      "name": "nginx",
      "provider": "provider[\"registry.terraform.io/hashicorp/aws\"]",
      "instances": [
        {
          "index_key": "subnet-nginx1",
          "schema_version": 1,
          "attributes": {
            "arn": "arn:aws:ec2:eu-central-1:694108144550:subnet/subnet-0b4dd5fdc8fb86d1c",
            "assign_ipv6_address_on_creation": false,
            "availability_zone": "eu-central-1a",
            "availability_zone_id": "euc1-az2",
            "cidr_block": "10.0.0.0/21",
            "customer_owned_ipv4_pool": "",
            "id": "subnet-0b4dd5fdc8fb86d1c",
            "ipv6_cidr_block": "",
            "ipv6_cidr_block_association_id": "",
            "map_customer_owned_ip_on_launch": false,
            "map_public_ip_on_launch": false,
            "outpost_arn": "",
            "owner_id": "694108144550",
            "tags": {
              "Env": "Prod",
              "Name": "subnet-nginx1",
              "Owner": "HomeLike"
            },
            "tags_all": {
              "Env": "Prod",
              "Name": "subnet-nginx1",
              "Owner": "HomeLike"
            },
            "timeouts": null,
            "vpc_id": "vpc-041f7d4470758a1aa"
          },
          "private": "eyJlMmJmYjczMC1lY2FhLTExZTYtOGY4OC0zNDM2M2JjN2M0YzAiOnsiY3JlYXRlIjo2MDAwMDAwMDAwMDAsImRlbGV0ZSI6MTIwMDAwMDAwMDAwMH0sInNjaGVtYV92ZXJzaW9uIjoiMSJ9",
          "dependencies": [
            "module.network_stack.aws_vpc.homelikevpc"
          ]
        },
        {
          "index_key": "subnet-nginx2",
          "schema_version": 1,
          "attributes": {
            "arn": "arn:aws:ec2:eu-central-1:694108144550:subnet/subnet-0221992316f02af88",
            "assign_ipv6_address_on_creation": false,
            "availability_zone": "eu-central-1b",
            "availability_zone_id": "euc1-az3",
            "cidr_block": "10.0.8.0/21",
            "customer_owned_ipv4_pool": "",
            "id": "subnet-0221992316f02af88",
            "ipv6_cidr_block": "",
            "ipv6_cidr_block_association_id": "",
            "map_customer_owned_ip_on_launch": false,
            "map_public_ip_on_launch": false,
            "outpost_arn": "",
            "owner_id": "694108144550",
            "tags": {
              "Env": "Prod",
              "Name": "subnet-nginx2",
              "Owner": "HomeLike"
            },
            "tags_all": {
              "Env": "Prod",
              "Name": "subnet-nginx2",
              "Owner": "HomeLike"
            },
            "timeouts": null,
            "vpc_id": "vpc-041f7d4470758a1aa"
          },
          "private": "eyJlMmJmYjczMC1lY2FhLTExZTYtOGY4OC0zNDM2M2JjN2M0YzAiOnsiY3JlYXRlIjo2MDAwMDAwMDAwMDAsImRlbGV0ZSI6MTIwMDAwMDAwMDAwMH0sInNjaGVtYV92ZXJzaW9uIjoiMSJ9",
          "dependencies": [
            "module.network_stack.aws_vpc.homelikevpc"
          ]
        },
        {
          "index_key": "subnet-nginx3",
          "schema_version": 1,
          "attributes": {
            "arn": "arn:aws:ec2:eu-central-1:694108144550:subnet/subnet-082844708d69fef40",
            "assign_ipv6_address_on_creation": false,
            "availability_zone": "eu-central-1c",
            "availability_zone_id": "euc1-az1",
            "cidr_block": "10.0.16.0/21",
            "customer_owned_ipv4_pool": "",
            "id": "subnet-082844708d69fef40",
            "ipv6_cidr_block": "",
            "ipv6_cidr_block_association_id": "",
            "map_customer_owned_ip_on_launch": false,
            "map_public_ip_on_launch": false,
            "outpost_arn": "",
            "owner_id": "694108144550",
            "tags": {
              "Env": "Prod",
              "Name": "subnet-nginx3",
              "Owner": "HomeLike"
            },
            "tags_all": {
              "Env": "Prod",
              "Name": "subnet-nginx3",
              "Owner": "HomeLike"
            },
            "timeouts": null,
            "vpc_id": "vpc-041f7d4470758a1aa"
          },
          "private": "eyJlMmJmYjczMC1lY2FhLTExZTYtOGY4OC0zNDM2M2JjN2M0YzAiOnsiY3JlYXRlIjo2MDAwMDAwMDAwMDAsImRlbGV0ZSI6MTIwMDAwMDAwMDAwMH0sInNjaGVtYV92ZXJzaW9uIjoiMSJ9",
          "dependencies": [
            "module.network_stack.aws_vpc.homelikevpc"
          ]
        }
      ]
    },
    {
      "module": "module.network_stack",
      "mode": "managed",
      "type": "aws_subnet",
      "name": "vpn",
      "provider": "provider[\"registry.terraform.io/hashicorp/aws\"]",
      "instances": [
        {
          "index_key": "vpn",
          "schema_version": 1,
          "attributes": {
            "arn": "arn:aws:ec2:eu-central-1:694108144550:subnet/subnet-0f1b22302e3412ffa",
            "assign_ipv6_address_on_creation": false,
            "availability_zone": "eu-central-1a",
            "availability_zone_id": "euc1-az2",
            "cidr_block": "10.0.96.0/21",
            "customer_owned_ipv4_pool": "",
            "id": "subnet-0f1b22302e3412ffa",
            "ipv6_cidr_block": "",
            "ipv6_cidr_block_association_id": "",
            "map_customer_owned_ip_on_launch": false,
            "map_public_ip_on_launch": false,
            "outpost_arn": "",
            "owner_id": "694108144550",
            "tags": {
              "Env": "Prod",
              "Name": "vpn",
              "Owner": "HomeLike"
            },
            "tags_all": {
              "Env": "Prod",
              "Name": "vpn",
              "Owner": "HomeLike"
            },
            "timeouts": null,
            "vpc_id": "vpc-041f7d4470758a1aa"
          },
          "private": "eyJlMmJmYjczMC1lY2FhLTExZTYtOGY4OC0zNDM2M2JjN2M0YzAiOnsiY3JlYXRlIjo2MDAwMDAwMDAwMDAsImRlbGV0ZSI6MTIwMDAwMDAwMDAwMH0sInNjaGVtYV92ZXJzaW9uIjoiMSJ9",
          "dependencies": [
            "module.network_stack.aws_vpc.homelikevpc"
          ]
        }
      ]
    },
    {
      "module": "module.network_stack",
      "mode": "managed",
      "type": "aws_vpc",
      "name": "homelikevpc",
      "provider": "provider[\"registry.terraform.io/hashicorp/aws\"]",
      "instances": [
        {
          "schema_version": 1,
          "attributes": {
            "arn": "arn:aws:ec2:eu-central-1:694108144550:vpc/vpc-041f7d4470758a1aa",
            "assign_generated_ipv6_cidr_block": false,
            "cidr_block": "10.0.0.0/16",
            "default_network_acl_id": "acl-0380a8499197dafb8",
            "default_route_table_id": "rtb-0d5d60e05c36d0f4e",
            "default_security_group_id": "sg-010d477ff505c544a",
            "dhcp_options_id": "dopt-e5de558f",
            "enable_classiclink": null,
            "enable_classiclink_dns_support": null,
            "enable_dns_hostnames": true,
            "enable_dns_support": true,
            "id": "vpc-041f7d4470758a1aa",
            "instance_tenancy": "default",
            "ipv6_association_id": "",
            "ipv6_cidr_block": "",
            "main_route_table_id": "rtb-0d5d60e05c36d0f4e",
            "owner_id": "694108144550",
            "tags": {
              "Env": "Prod",
              "Name": "vpc-homelike",
              "Owner": "HomeLike"
            },
            "tags_all": {
              "Env": "Prod",
              "Name": "vpc-homelike",
              "Owner": "HomeLike"
            }
          },
          "private": "eyJzY2hlbWFfdmVyc2lvbiI6IjEifQ=="
        }
      ]
    },
    {
      "module": "module.network_stack",
      "mode": "managed",
      "type": "random_password",
      "name": "password",
      "provider": "provider[\"registry.terraform.io/hashicorp/random\"]",
      "instances": [
        {
          "schema_version": 0,
          "attributes": {
            "id": "none",
            "keepers": null,
            "length": 8,
            "lower": true,
            "min_lower": 0,
            "min_numeric": 0,
            "min_special": 0,
            "min_upper": 0,
            "number": true,
            "override_special": "_%@",
            "result": "zV_l7FFt",
            "special": true,
            "upper": true
          },
          "private": "bnVsbA=="
        }
      ]
    },
    {
      "module": "module.network_stack",
      "mode": "managed",
      "type": "tls_private_key",
      "name": "key",
      "provider": "provider[\"registry.terraform.io/hashicorp/tls\"]",
      "instances": [
        {
          "schema_version": 0,
          "attributes": {
            "algorithm": "RSA",
            "ecdsa_curve": "P224",
            "id": "acb031f08da9dea771d2cf8a12ad1f3ccce0cee4",
            "private_key_pem": "-----BEGIN RSA PRIVATE KEY-----\nMIIJJwIBAAKCAgEAnxllOrkS7FIu5sLkNVH6bD2vg8+mCEslS+M+ySg4694Rd9Y0\n5ss1ZfDLxDKKvF6SjJ8D46nFe+rL0+f2inMTC1B1H7rmamdjzHW6XIopHhTTLqv0\nSW5FnYJiSch2oRL/8y/cxNg/QktFOK3saS7YUorRfWdRddNJsZuwu5UEg+K8qEOP\nZQSS0EL2eZDt1O+9RRcU42V00xMiDSByv7LHEOJ5ZWoWPkjEZcrKXGgjjGsGTmgb\nJMkrHA58sMM8Ep1sdqaxgzhQAYuanwAqWt6w9untaT6cp9vbBJOeUW86hRKTbne7\nbYiIt/8IqC/fnoPFqEnUrGlohP0hWrYSkxD19PmtfUt3P2qDPz4A7ruCfszwvQJy\n8JkqrHqZPrCosueNlGesZh9nQmCcqQlZzP3wv7Ryuyss8VJBnJRNrIaRdfvfoaYJ\nRuHSNm6o5nS71d3So7iDzgV08UAZF19NZ9OZog30SLXpKFxAp333Xxq1PVw6YYQZ\ncSngn3qTrzbKxoWh1X0jszMdiPDnd5lwUEecO3sp2JU/GCIc4qrKxecPdc+Ws2vI\nrEdhgRXY/psXgRWKxKYY0UqDdpqT9PDddNaZwQMC+FJIdW/T6JWI7ZKKM0wMBS6z\nVSwiIUJ+BuXPO1Ja/LWt3dtiBb4VH+hhKuh3RXt2+gASA9pPqZNJXTEY9V0CAwEA\nAQKCAgAQDmoO8RqdyvV8yHJrhyh0wAz0ioJBGARdkkOF3Y9RDopIw892808iSJjn\n5gnmVM0JcArecQXDKcEEU8an1lE3tRj86MnUNzb1LXRvXmoj5QojDauLtZtE+CGf\nPKHsQ5SdIFlxbDmGIT6NJ9BSFS4ztlrKAyFPeNFZIVNGuxVHkhxkBt1z3nBKoFdr\nkVrPQJqjXF75TAXsP2QSWxH5krtQUurZd0ljY8ieVUby6Hed9jcetpb2sW6uWC/x\nTuLDJiwKFWyYx5gbb9Fc9pFPtmW5pYYWNwFsV13VKmix4z3OrD9AyMibl0nk99IR\n1zMENlw+TaUu+TxZH4q8Mt/RA8culzyGY2RJ3+JwdA7RkktqirFkflEu4PN0M2UP\nZszDwX2iwPG2C+NVJKZa2t40kjpPWWEy98gtS2egZPb1qDkMnMIW7+qrMJHetTHl\niP//9J+SuOwh3ud05Y7yZQ1GroKdbQtVcyb8jaVtA5K6x54A/p1p/Rt8q/JoOSeg\n0u+q9qT6C3k0iq8EY57jJzBz2ip9U6zjQkcBJp+WK7IqpgjoR+X1KoD5cdmNt5XS\n97xf0sDRqfkVwHHVm8v3g47yof37d5FcAOPkBkmlmLzBPHVq45eBhcdlzdYeOoSc\nJV4q995PXbn7JI4aF3UC1iwm9Gi4ggce5Pl/w0wWG4HFL1vuwQKCAQEAxL/860EC\nrgmcgsWzZ9B+8Kkse+vNzcx7QzWQDLIn4fF+QrR6Jl0SMWa8T+AUL+bHKudWGIP1\nCOqa3uBQCjwPfU2BFj0W2BDa0VGvDyiJK4+Kf2bnqeX2xV6P1s0Bdf4S9+lM1K+3\nTFvJc+qLKft7KdzQrgaRPQYGwHplnKhqGXSj2eNxFQxnu/6RFZwcVxhpA1dy+Aft\nM2VXAzdZ6pv/YaUY8QN3IxnuNaVp7QeGwQL2gBW4lM8Fs2yei+85QAhuuK9xibPi\nMhRMfigFYkRyb4BNjYM3KAP0PMlLVfccZRvfDTX0haw9HYBReh8MBcT4YvXq4MCK\nsa1mr3/9f/wQ1QKCAQEAzwLN3jYwMFkcF+vSZCVPb3EC36QedERen8TNiHm776X8\nWArFl5pJ4r9ZcL63oHyiPEQ9ekUVOqxmPlDZiXdaCeJqLgrFUSpHSqRKQCBOc+L6\njIeK0Sw1gVCOCSwb521skuDaV34KKFtb3yyNj0/CLDvyH1NKJ+CM+jOH5YOYBHKH\nKPhD0yZMiE9dB3GeH8zXQt0yyXwWC7e/PQtlecwp/jrLJ1C0h3uInQapIjSIfdfo\n+smXJBwX0QfHvj7jYUjimlZ8F0/gLm8HXm3CIe0Qoj1VbAxKtlKA6WsWrRf46pCo\n64g2LwiWypK0c7dbAzjOk4aFBDV/yQlRsO6U/BTWaQKB/zK5THtaR1aXI8KTNa2O\nEyv4cX+BS43DKgQpyvl69M1LdUG9RcCePhJ+ag4ttwaieLaW7ZtkacfitArByeDZ\nmySy1pTlKv6JWeCdLoS57qNMXmh6Hz+uCfDYcDzwnW/OERXZD/XFV3xYLZe04Cvy\nqc4hH6u+BbO12gfFhmzc/n2RlKyX9o92o0fUWZM4rBXINUqnQPyxDnYxqj0qCAR0\nM2L5LXT1b8Gc7czm2GhDiHo6SVK8RtoWhWG8nyN0iU343pK+qIbX2XkPwqjDqJ+t\nBdO5QEU7jvzCCDWjr8h57NgkV10Qi/nqbdctPdQ+LNtP7LmWrPdErH0iN1cHqFNW\nqQKCAQEAoshyuI1mAW7hH5JqZCPOvjRg7RnydL0ap4orkWkgtweQUm9OB7Pk6/BK\nVdUzMnkvXjLPISnX0saks9YB6g43eFRZ6JDBrtyPKQvd82U0K/7NxNoE+A1KmcCN\noHrWCntKiIlWSLytIiUNLoarXol6iCwvbiChzI/QbCM/duSvErg4vqfTNeQFBJ9b\n6TGYBSugDk1A1Z3E/DvmnwsqJce9MdRr0iOtgmhK+ie1slcbCdJRu3vwZQ3OUKpM\nkLaFOQgGYRUnCXHfOMRISCIJKYJwtROD664SxiJEisiSEVUrgNB2dJgs+3lGkk8g\npWoGoJb4IpwCV1f2f1Dbs0U5VKzSGQKCAQEAiNOo9is2iug+FfD/sMHF72mBwajJ\n2gPxCzSVu44ACqyExjQmwu9RXPeSOZfi+FDdhmMgXdHd/mBH2LrZaPv49drSsMEU\nU5EKIJJQAVajiodk3KwZ1dyd+g4rJqt0XkITSHelk5USO6rXk0logyk9qK+K8CsM\nwfh0Q3mR9fbMYw4TR02oAU+ha4aJspPIalvqva1jtPUH/oDsAi2M+pBpm8e4m/u/\nGf1mr+cQbn1aNzHPVgAOHd5TM2PzkiuWaiOFUsDxH6DxV+sQtyVEM6bKUzbYpcqP\nD8/9nibuwd2fRm4s97qNimNDwq6rS8OoInI2nCMyuvoFk58NXTe95IyYdQ==\n-----END RSA PRIVATE KEY-----\n",
            "public_key_fingerprint_md5": "01:e6:d3:24:68:ac:1f:13:71:12:38:7d:03:f8:57:f2",
            "public_key_openssh": "ssh-rsa AAAAB3NzaC1yc2EAAAADAQABAAACAQCfGWU6uRLsUi7mwuQ1UfpsPa+Dz6YISyVL4z7JKDjr3hF31jTmyzVl8MvEMoq8XpKMnwPjqcV76svT5/aKcxMLUHUfuuZqZ2PMdbpciikeFNMuq/RJbkWdgmJJyHahEv/zL9zE2D9CS0U4rexpLthSitF9Z1F100mxm7C7lQSD4ryoQ49lBJLQQvZ5kO3U771FFxTjZXTTEyINIHK/sscQ4nllahY+SMRlyspcaCOMawZOaBskySscDnywwzwSnWx2prGDOFABi5qfACpa3rD26e1pPpyn29sEk55RbzqFEpNud7ttiIi3/wioL9+eg8WoSdSsaWiE/SFathKTEPX0+a19S3c/aoM/PgDuu4J+zPC9AnLwmSqsepk+sKiy542UZ6xmH2dCYJypCVnM/fC/tHK7KyzxUkGclE2shpF1+9+hpglG4dI2bqjmdLvV3dKjuIPOBXTxQBkXX01n05miDfRItekoXECnffdfGrU9XDphhBlxKeCfepOvNsrGhaHVfSOzMx2I8Od3mXBQR5w7eynYlT8YIhziqsrF5w91z5aza8isR2GBFdj+mxeBFYrEphjRSoN2mpP08N101pnBAwL4Ukh1b9PolYjtkoozTAwFLrNVLCIhQn4G5c87Ulr8ta3d22IFvhUf6GEq6HdFe3b6ABID2k+pk0ldMRj1XQ==\n",
            "public_key_pem": "-----BEGIN PUBLIC KEY-----\nMIICIjANBgkqhkiG9w0BAQEFAAOCAg8AMIICCgKCAgEAnxllOrkS7FIu5sLkNVH6\nbD2vg8+mCEslS+M+ySg4694Rd9Y05ss1ZfDLxDKKvF6SjJ8D46nFe+rL0+f2inMT\nC1B1H7rmamdjzHW6XIopHhTTLqv0SW5FnYJiSch2oRL/8y/cxNg/QktFOK3saS7Y\nUorRfWdRddNJsZuwu5UEg+K8qEOPZQSS0EL2eZDt1O+9RRcU42V00xMiDSByv7LH\nEOJ5ZWoWPkjEZcrKXGgjjGsGTmgbJMkrHA58sMM8Ep1sdqaxgzhQAYuanwAqWt6w\n9untaT6cp9vbBJOeUW86hRKTbne7bYiIt/8IqC/fnoPFqEnUrGlohP0hWrYSkxD1\n9PmtfUt3P2qDPz4A7ruCfszwvQJy8JkqrHqZPrCosueNlGesZh9nQmCcqQlZzP3w\nv7Ryuyss8VJBnJRNrIaRdfvfoaYJRuHSNm6o5nS71d3So7iDzgV08UAZF19NZ9OZ\nog30SLXpKFxAp333Xxq1PVw6YYQZcSngn3qTrzbKxoWh1X0jszMdiPDnd5lwUEec\nO3sp2JU/GCIc4qrKxecPdc+Ws2vIrEdhgRXY/psXgRWKxKYY0UqDdpqT9PDddNaZ\nwQMC+FJIdW/T6JWI7ZKKM0wMBS6zVSwiIUJ+BuXPO1Ja/LWt3dtiBb4VH+hhKuh3\nRXt2+gASA9pPqZNJXTEY9V0CAwEAAQ==\n-----END PUBLIC KEY-----\n",
            "rsa_bits": 4096
          },
          "private": "bnVsbA=="
        }
      ]
    }
  ]
}
